// !$*UTF8*$!
{
	archiveVersion = 1;
	classes = {
	};
	objectVersion = 55;
	objects = {

/* Begin PBXBuildFile section */
		44108AD3273A41C8003DB8AB /* ImageViewer.m in Sources */ = {isa = PBXBuildFile; fileRef = 44108AD2273A41C8003DB8AB /* ImageViewer.m */; };
		4438B82B274354590061D389 /* E.m in Sources */ = {isa = PBXBuildFile; fileRef = 4438B82A274354590061D389 /* E.m */; };
		4438B82D274367B30061D389 /* Default-568h@2x.png in Resources */ = {isa = PBXBuildFile; fileRef = 4438B82C274367B20061D389 /* Default-568h@2x.png */; };
		444BE8B92738B156001FC1CF /* LoadingPage.m in Sources */ = {isa = PBXBuildFile; fileRef = 444BE8B82738B156001FC1CF /* LoadingPage.m */; };
		444BE8BD2738B414001FC1CF /* Order.png in Resources */ = {isa = PBXBuildFile; fileRef = 444BE8BC2738B414001FC1CF /* Order.png */; };
		444BE8C02738BF4A001FC1CF /* C.m in Sources */ = {isa = PBXBuildFile; fileRef = 444BE8BF2738BF4A001FC1CF /* C.m */; };
		444BE8C32738C1AB001FC1CF /* D.m in Sources */ = {isa = PBXBuildFile; fileRef = 444BE8C22738C1AB001FC1CF /* D.m */; };
		444BE8C627391962001FC1CF /* CCVC.m in Sources */ = {isa = PBXBuildFile; fileRef = 444BE8C527391962001FC1CF /* CCVC.m */; };
		447D9BE02732869B00A3203C /* Table.m in Sources */ = {isa = PBXBuildFile; fileRef = 447D9BDF2732869B00A3203C /* Table.m */; };
		447D9BE3273289B300A3203C /* tableTableViewCell.m in Sources */ = {isa = PBXBuildFile; fileRef = 447D9BE2273289B300A3203C /* tableTableViewCell.m */; };
		44B6F351272EE75300A9FC3B /* Tree 1.pdf in Resources */ = {isa = PBXBuildFile; fileRef = 44B6F34F272EE75200A9FC3B /* Tree 1.pdf */; };
		44B6F352272EE75300A9FC3B /* Tree 0.pdf in Resources */ = {isa = PBXBuildFile; fileRef = 44B6F350272EE75300A9FC3B /* Tree 0.pdf */; };
		44E6155F272FE3EF00096C86 /* WebKit.framework in Frameworks */ = {isa = PBXBuildFile; fileRef = 44E6155E272FE3EF00096C86 /* WebKit.framework */; };
		44E61562272FEF0900096C86 /* InputTextViewController.m in Sources */ = {isa = PBXBuildFile; fileRef = 44E61561272FEF0900096C86 /* InputTextViewController.m */; };
		44FA27A2272BA92900503066 /* AppDelegate.m in Sources */ = {isa = PBXBuildFile; fileRef = 44FA27A1272BA92900503066 /* AppDelegate.m */; };
		44FA27A5272BA92900503066 /* SceneDelegate.m in Sources */ = {isa = PBXBuildFile; fileRef = 44FA27A4272BA92900503066 /* SceneDelegate.m */; };
		44FA27A8272BA92900503066 /* ViewController.m in Sources */ = {isa = PBXBuildFile; fileRef = 44FA27A7272BA92900503066 /* ViewController.m */; };
		44FA27AB272BA92900503066 /* Main.storyboard in Resources */ = {isa = PBXBuildFile; fileRef = 44FA27A9272BA92900503066 /* Main.storyboard */; };
		44FA27AD272BA92A00503066 /* Assets.xcassets in Resources */ = {isa = PBXBuildFile; fileRef = 44FA27AC272BA92A00503066 /* Assets.xcassets */; };
		44FA27B0272BA92A00503066 /* LaunchScreen.storyboard in Resources */ = {isa = PBXBuildFile; fileRef = 44FA27AE272BA92A00503066 /* LaunchScreen.storyboard */; };
		44FA27B3272BA92A00503066 /* main.m in Sources */ = {isa = PBXBuildFile; fileRef = 44FA27B2272BA92A00503066 /* main.m */; };
		A14379260AD5B075C5D0F1D1 /* Pods_FirstApp.framework in Frameworks */ = {isa = PBXBuildFile; fileRef = 365C1068FB6B3D0F5BE1E0E8 /* Pods_FirstApp.framework */; };
/* End PBXBuildFile section */

/* Begin PBXFileReference section */
		365C1068FB6B3D0F5BE1E0E8 /* Pods_FirstApp.framework */ = {isa = PBXFileReference; explicitFileType = wrapper.framework; includeInIndex = 0; path = Pods_FirstApp.framework; sourceTree = BUILT_PRODUCTS_DIR; };
		44108AD1273A41C8003DB8AB /* ImageViewer.h */ = {isa = PBXFileReference; lastKnownFileType = sourcecode.c.h; path = ImageViewer.h; sourceTree = "<group>"; };
		44108AD2273A41C8003DB8AB /* ImageViewer.m */ = {isa = PBXFileReference; lastKnownFileType = sourcecode.c.objc; path = ImageViewer.m; sourceTree = "<group>"; };
		4438B829274354590061D389 /* E.h */ = {isa = PBXFileReference; lastKnownFileType = sourcecode.c.h; path = E.h; sourceTree = "<group>"; };
		4438B82A274354590061D389 /* E.m */ = {isa = PBXFileReference; lastKnownFileType = sourcecode.c.objc; path = E.m; sourceTree = "<group>"; };
		4438B82C274367B20061D389 /* Default-568h@2x.png */ = {isa = PBXFileReference; lastKnownFileType = image.png; path = "Default-568h@2x.png"; sourceTree = "<group>"; };
		444BE8B72738B156001FC1CF /* LoadingPage.h */ = {isa = PBXFileReference; lastKnownFileType = sourcecode.c.h; path = LoadingPage.h; sourceTree = "<group>"; };
		444BE8B82738B156001FC1CF /* LoadingPage.m */ = {isa = PBXFileReference; lastKnownFileType = sourcecode.c.objc; path = LoadingPage.m; sourceTree = "<group>"; };
		444BE8BC2738B414001FC1CF /* Order.png */ = {isa = PBXFileReference; lastKnownFileType = image.png; path = Order.png; sourceTree = "<group>"; };
		444BE8BE2738BF4A001FC1CF /* C.h */ = {isa = PBXFileReference; lastKnownFileType = sourcecode.c.h; path = C.h; sourceTree = "<group>"; };
		444BE8BF2738BF4A001FC1CF /* C.m */ = {isa = PBXFileReference; lastKnownFileType = sourcecode.c.objc; path = C.m; sourceTree = "<group>"; };
		444BE8C12738C1AB001FC1CF /* D.h */ = {isa = PBXFileReference; lastKnownFileType = sourcecode.c.h; path = D.h; sourceTree = "<group>"; };
		444BE8C22738C1AB001FC1CF /* D.m */ = {isa = PBXFileReference; lastKnownFileType = sourcecode.c.objc; path = D.m; sourceTree = "<group>"; };
		444BE8C427391962001FC1CF /* CCVC.h */ = {isa = PBXFileReference; lastKnownFileType = sourcecode.c.h; path = CCVC.h; sourceTree = "<group>"; };
		444BE8C527391962001FC1CF /* CCVC.m */ = {isa = PBXFileReference; lastKnownFileType = sourcecode.c.objc; path = CCVC.m; sourceTree = "<group>"; };
		447D9BDE2732869B00A3203C /* Table.h */ = {isa = PBXFileReference; lastKnownFileType = sourcecode.c.h; path = Table.h; sourceTree = "<group>"; };
		447D9BDF2732869B00A3203C /* Table.m */ = {isa = PBXFileReference; lastKnownFileType = sourcecode.c.objc; path = Table.m; sourceTree = "<group>"; };
		447D9BE1273289B300A3203C /* tableTableViewCell.h */ = {isa = PBXFileReference; lastKnownFileType = sourcecode.c.h; path = tableTableViewCell.h; sourceTree = "<group>"; };
		447D9BE2273289B300A3203C /* tableTableViewCell.m */ = {isa = PBXFileReference; lastKnownFileType = sourcecode.c.objc; path = tableTableViewCell.m; sourceTree = "<group>"; };
		44B6F34F272EE75200A9FC3B /* Tree 1.pdf */ = {isa = PBXFileReference; lastKnownFileType = image.pdf; name = "Tree 1.pdf"; path = "../../../../Downloads/Student/2 - Introduction to UIKit/Guided Project - Apple Pie/resources/Tree 1.pdf"; sourceTree = "<group>"; };
		44B6F350272EE75300A9FC3B /* Tree 0.pdf */ = {isa = PBXFileReference; lastKnownFileType = image.pdf; name = "Tree 0.pdf"; path = "../../../../Downloads/Student/2 - Introduction to UIKit/Guided Project - Apple Pie/resources/Tree 0.pdf"; sourceTree = "<group>"; };
		44E6155E272FE3EF00096C86 /* WebKit.framework */ = {isa = PBXFileReference; lastKnownFileType = wrapper.framework; name = WebKit.framework; path = System/Library/Frameworks/WebKit.framework; sourceTree = SDKROOT; };
		44E61560272FEF0900096C86 /* InputTextViewController.h */ = {isa = PBXFileReference; lastKnownFileType = sourcecode.c.h; path = InputTextViewController.h; sourceTree = "<group>"; };
		44E61561272FEF0900096C86 /* InputTextViewController.m */ = {isa = PBXFileReference; lastKnownFileType = sourcecode.c.objc; path = InputTextViewController.m; sourceTree = "<group>"; };
		44FA279D272BA92900503066 /* FirstApp.app */ = {isa = PBXFileReference; explicitFileType = wrapper.application; includeInIndex = 0; path = FirstApp.app; sourceTree = BUILT_PRODUCTS_DIR; };
		44FA27A0272BA92900503066 /* AppDelegate.h */ = {isa = PBXFileReference; lastKnownFileType = sourcecode.c.h; path = AppDelegate.h; sourceTree = "<group>"; };
		44FA27A1272BA92900503066 /* AppDelegate.m */ = {isa = PBXFileReference; lastKnownFileType = sourcecode.c.objc; path = AppDelegate.m; sourceTree = "<group>"; };
		44FA27A3272BA92900503066 /* SceneDelegate.h */ = {isa = PBXFileReference; lastKnownFileType = sourcecode.c.h; path = SceneDelegate.h; sourceTree = "<group>"; };
		44FA27A4272BA92900503066 /* SceneDelegate.m */ = {isa = PBXFileReference; lastKnownFileType = sourcecode.c.objc; path = SceneDelegate.m; sourceTree = "<group>"; };
		44FA27A6272BA92900503066 /* ViewController.h */ = {isa = PBXFileReference; lastKnownFileType = sourcecode.c.h; path = ViewController.h; sourceTree = "<group>"; };
		44FA27A7272BA92900503066 /* ViewController.m */ = {isa = PBXFileReference; lastKnownFileType = sourcecode.c.objc; path = ViewController.m; sourceTree = "<group>"; };
		44FA27AA272BA92900503066 /* Base */ = {isa = PBXFileReference; lastKnownFileType = file.storyboard; name = Base; path = Base.lproj/Main.storyboard; sourceTree = "<group>"; };
		44FA27AC272BA92A00503066 /* Assets.xcassets */ = {isa = PBXFileReference; lastKnownFileType = folder.assetcatalog; path = Assets.xcassets; sourceTree = "<group>"; };
		44FA27AF272BA92A00503066 /* Base */ = {isa = PBXFileReference; lastKnownFileType = file.storyboard; name = Base; path = Base.lproj/LaunchScreen.storyboard; sourceTree = "<group>"; };
		44FA27B1272BA92A00503066 /* Info.plist */ = {isa = PBXFileReference; lastKnownFileType = text.plist.xml; path = Info.plist; sourceTree = "<group>"; };
		44FA27B2272BA92A00503066 /* main.m */ = {isa = PBXFileReference; lastKnownFileType = sourcecode.c.objc; path = main.m; sourceTree = "<group>"; };
		44FA27BC272BA92A00503066 /* FirstAppTests.m */ = {isa = PBXFileReference; lastKnownFileType = sourcecode.c.objc; path = FirstAppTests.m; sourceTree = "<group>"; };
		44FA27C6272BA92A00503066 /* FirstAppUITests.m */ = {isa = PBXFileReference; lastKnownFileType = sourcecode.c.objc; path = FirstAppUITests.m; sourceTree = "<group>"; };
		44FA27C8272BA92A00503066 /* FirstAppUITestsLaunchTests.m */ = {isa = PBXFileReference; lastKnownFileType = sourcecode.c.objc; path = FirstAppUITestsLaunchTests.m; sourceTree = "<group>"; };
		4D55E9D21B2C894650A75783 /* Pods-FirstApp.debug.xcconfig */ = {isa = PBXFileReference; includeInIndex = 1; lastKnownFileType = text.xcconfig; name = "Pods-FirstApp.debug.xcconfig"; path = "Target Support Files/Pods-FirstApp/Pods-FirstApp.debug.xcconfig"; sourceTree = "<group>"; };
		C07A45943F1EA6FA71F87E5B /* Pods-FirstApp.release.xcconfig */ = {isa = PBXFileReference; includeInIndex = 1; lastKnownFileType = text.xcconfig; name = "Pods-FirstApp.release.xcconfig"; path = "Target Support Files/Pods-FirstApp/Pods-FirstApp.release.xcconfig"; sourceTree = "<group>"; };
/* End PBXFileReference section */

/* Begin PBXFrameworksBuildPhase section */
		44FA279A272BA92900503066 /* Frameworks */ = {
			isa = PBXFrameworksBuildPhase;
			buildActionMask = 2147483647;
			files = (
				44E6155F272FE3EF00096C86 /* WebKit.framework in Frameworks */,
				A14379260AD5B075C5D0F1D1 /* Pods_FirstApp.framework in Frameworks */,
			);
			runOnlyForDeploymentPostprocessing = 0;
		};
/* End PBXFrameworksBuildPhase section */

/* Begin PBXGroup section */
		44E6155D272FE3EF00096C86 /* Frameworks */ = {
			isa = PBXGroup;
			children = (
				44E6155E272FE3EF00096C86 /* WebKit.framework */,
				365C1068FB6B3D0F5BE1E0E8 /* Pods_FirstApp.framework */,
			);
			name = Frameworks;
			sourceTree = "<group>";
		};
		44FA2794272BA92900503066 = {
			isa = PBXGroup;
			children = (
				44FA279F272BA92900503066 /* FirstApp */,
				44FA27BB272BA92A00503066 /* FirstAppTests */,
				44FA27C5272BA92A00503066 /* FirstAppUITests */,
				44FA279E272BA92900503066 /* Products */,
				44E6155D272FE3EF00096C86 /* Frameworks */,
				734B70A55997D9D71D7EF2ED /* Pods */,
			);
			sourceTree = "<group>";
		};
		44FA279E272BA92900503066 /* Products */ = {
			isa = PBXGroup;
			children = (
				44FA279D272BA92900503066 /* FirstApp.app */,
			);
			name = Products;
			sourceTree = "<group>";
		};
		44FA279F272BA92900503066 /* FirstApp */ = {
			isa = PBXGroup;
			children = (
				444BE8BC2738B414001FC1CF /* Order.png */,
				44B6F350272EE75300A9FC3B /* Tree 0.pdf */,
				44B6F34F272EE75200A9FC3B /* Tree 1.pdf */,
				44FA27A0272BA92900503066 /* AppDelegate.h */,
				44FA27A1272BA92900503066 /* AppDelegate.m */,
				44FA27A3272BA92900503066 /* SceneDelegate.h */,
				44FA27A4272BA92900503066 /* SceneDelegate.m */,
				44FA27A6272BA92900503066 /* ViewController.h */,
				44FA27A7272BA92900503066 /* ViewController.m */,
				44FA27A9272BA92900503066 /* Main.storyboard */,
				44FA27AC272BA92A00503066 /* Assets.xcassets */,
				44FA27AE272BA92A00503066 /* LaunchScreen.storyboard */,
				44FA27B1272BA92A00503066 /* Info.plist */,
				44FA27B2272BA92A00503066 /* main.m */,
				44E61560272FEF0900096C86 /* InputTextViewController.h */,
				44E61561272FEF0900096C86 /* InputTextViewController.m */,
				447D9BDE2732869B00A3203C /* Table.h */,
				447D9BDF2732869B00A3203C /* Table.m */,
				447D9BE1273289B300A3203C /* tableTableViewCell.h */,
				447D9BE2273289B300A3203C /* tableTableViewCell.m */,
				444BE8B72738B156001FC1CF /* LoadingPage.h */,
				444BE8B82738B156001FC1CF /* LoadingPage.m */,
				444BE8BE2738BF4A001FC1CF /* C.h */,
				444BE8BF2738BF4A001FC1CF /* C.m */,
				444BE8C12738C1AB001FC1CF /* D.h */,
				444BE8C22738C1AB001FC1CF /* D.m */,
				444BE8C427391962001FC1CF /* CCVC.h */,
				444BE8C527391962001FC1CF /* CCVC.m */,
				44108AD1273A41C8003DB8AB /* ImageViewer.h */,
				44108AD2273A41C8003DB8AB /* ImageViewer.m */,
				4438B829274354590061D389 /* E.h */,
				4438B82A274354590061D389 /* E.m */,
				4438B82C274367B20061D389 /* Default-568h@2x.png */,
			);
			path = FirstApp;
			sourceTree = "<group>";
		};
		44FA27BB272BA92A00503066 /* FirstAppTests */ = {
			isa = PBXGroup;
			children = (
				44FA27BC272BA92A00503066 /* FirstAppTests.m */,
			);
			path = FirstAppTests;
			sourceTree = "<group>";
		};
		44FA27C5272BA92A00503066 /* FirstAppUITests */ = {
			isa = PBXGroup;
			children = (
				44FA27C6272BA92A00503066 /* FirstAppUITests.m */,
				44FA27C8272BA92A00503066 /* FirstAppUITestsLaunchTests.m */,
			);
			path = FirstAppUITests;
			sourceTree = "<group>";
		};
		734B70A55997D9D71D7EF2ED /* Pods */ = {
			isa = PBXGroup;
			children = (
				4D55E9D21B2C894650A75783 /* Pods-FirstApp.debug.xcconfig */,
				C07A45943F1EA6FA71F87E5B /* Pods-FirstApp.release.xcconfig */,
			);
			path = Pods;
			sourceTree = "<group>";
		};
/* End PBXGroup section */

/* Begin PBXNativeTarget section */
		44FA279C272BA92900503066 /* FirstApp */ = {
			isa = PBXNativeTarget;
			buildConfigurationList = 44FA27CC272BA92A00503066 /* Build configuration list for PBXNativeTarget "FirstApp" */;
			buildPhases = (
				D22D6435E4E2FC69CB3E70AA /* [CP] Check Pods Manifest.lock */,
				44FA2799272BA92900503066 /* Sources */,
				44FA279A272BA92900503066 /* Frameworks */,
				44FA279B272BA92900503066 /* Resources */,
				29EAFC81CF96CACC8C43A357 /* [CP] Embed Pods Frameworks */,
			);
			buildRules = (
			);
			dependencies = (
			);
			name = FirstApp;
			productName = FirstApp;
			productReference = 44FA279D272BA92900503066 /* FirstApp.app */;
			productType = "com.apple.product-type.application";
		};
/* End PBXNativeTarget section */

/* Begin PBXProject section */
		44FA2795272BA92900503066 /* Project object */ = {
			isa = PBXProject;
			attributes = {
				BuildIndependentTargetsInParallel = 1;
				LastUpgradeCheck = 1310;
				TargetAttributes = {
					44FA279C272BA92900503066 = {
						CreatedOnToolsVersion = 13.1;
					};
				};
			};
			buildConfigurationList = 44FA2798272BA92900503066 /* Build configuration list for PBXProject "FirstApp" */;
			compatibilityVersion = "Xcode 13.0";
			developmentRegion = en;
			hasScannedForEncodings = 0;
			knownRegions = (
				en,
				Base,
			);
			mainGroup = 44FA2794272BA92900503066;
			productRefGroup = 44FA279E272BA92900503066 /* Products */;
			projectDirPath = "";
			projectRoot = "";
			targets = (
				44FA279C272BA92900503066 /* FirstApp */,
			);
		};
/* End PBXProject section */

/* Begin PBXResourcesBuildPhase section */
		44FA279B272BA92900503066 /* Resources */ = {
			isa = PBXResourcesBuildPhase;
			buildActionMask = 2147483647;
			files = (
				44B6F352272EE75300A9FC3B /* Tree 0.pdf in Resources */,
				44FA27B0272BA92A00503066 /* LaunchScreen.storyboard in Resources */,
				444BE8BD2738B414001FC1CF /* Order.png in Resources */,
				44FA27AD272BA92A00503066 /* Assets.xcassets in Resources */,
				44FA27AB272BA92900503066 /* Main.storyboard in Resources */,
				4438B82D274367B30061D389 /* Default-568h@2x.png in Resources */,
				44B6F351272EE75300A9FC3B /* Tree 1.pdf in Resources */,
			);
			runOnlyForDeploymentPostprocessing = 0;
		};
/* End PBXResourcesBuildPhase section */

/* Begin PBXShellScriptBuildPhase section */
		29EAFC81CF96CACC8C43A357 /* [CP] Embed Pods Frameworks */ = {
			isa = PBXShellScriptBuildPhase;
			buildActionMask = 2147483647;
			files = (
			);
			inputFileListPaths = (
				"${PODS_ROOT}/Target Support Files/Pods-FirstApp/Pods-FirstApp-frameworks-${CONFIGURATION}-input-files.xcfilelist",
			);
			name = "[CP] Embed Pods Frameworks";
			outputFileListPaths = (
				"${PODS_ROOT}/Target Support Files/Pods-FirstApp/Pods-FirstApp-frameworks-${CONFIGURATION}-output-files.xcfilelist",
			);
			runOnlyForDeploymentPostprocessing = 0;
			shellPath = /bin/sh;
			shellScript = "\"${PODS_ROOT}/Target Support Files/Pods-FirstApp/Pods-FirstApp-frameworks.sh\"\n";
			showEnvVarsInLog = 0;
		};
		D22D6435E4E2FC69CB3E70AA /* [CP] Check Pods Manifest.lock */ = {
			isa = PBXShellScriptBuildPhase;
			buildActionMask = 2147483647;
			files = (
			);
			inputFileListPaths = (
			);
			inputPaths = (
				"${PODS_PODFILE_DIR_PATH}/Podfile.lock",
				"${PODS_ROOT}/Manifest.lock",
			);
			name = "[CP] Check Pods Manifest.lock";
			outputFileListPaths = (
			);
			outputPaths = (
				"$(DERIVED_FILE_DIR)/Pods-FirstApp-checkManifestLockResult.txt",
			);
			runOnlyForDeploymentPostprocessing = 0;
			shellPath = /bin/sh;
			shellScript = "diff \"${PODS_PODFILE_DIR_PATH}/Podfile.lock\" \"${PODS_ROOT}/Manifest.lock\" > /dev/null\nif [ $? != 0 ] ; then\n    # print error to STDERR\n    echo \"error: The sandbox is not in sync with the Podfile.lock. Run 'pod install' or update your CocoaPods installation.\" >&2\n    exit 1\nfi\n# This output is used by Xcode 'outputs' to avoid re-running this script phase.\necho \"SUCCESS\" > \"${SCRIPT_OUTPUT_FILE_0}\"\n";
			showEnvVarsInLog = 0;
		};
/* End PBXShellScriptBuildPhase section */

/* Begin PBXSourcesBuildPhase section */
		44FA2799272BA92900503066 /* Sources */ = {
			isa = PBXSourcesBuildPhase;
			buildActionMask = 2147483647;
			files = (
				444BE8C02738BF4A001FC1CF /* C.m in Sources */,
				447D9BE02732869B00A3203C /* Table.m in Sources */,
				44FA27A8272BA92900503066 /* ViewController.m in Sources */,
				44FA27A2272BA92900503066 /* AppDelegate.m in Sources */,
				444BE8B92738B156001FC1CF /* LoadingPage.m in Sources */,
				44108AD3273A41C8003DB8AB /* ImageViewer.m in Sources */,
				44FA27B3272BA92A00503066 /* main.m in Sources */,
				44E61562272FEF0900096C86 /* InputTextViewController.m in Sources */,
				447D9BE3273289B300A3203C /* tableTableViewCell.m in Sources */,
				444BE8C32738C1AB001FC1CF /* D.m in Sources */,
				4438B82B274354590061D389 /* E.m in Sources */,
				44FA27A5272BA92900503066 /* SceneDelegate.m in Sources */,
				444BE8C627391962001FC1CF /* CCVC.m in Sources */,
			);
			runOnlyForDeploymentPostprocessing = 0;
		};
/* End PBXSourcesBuildPhase section */

/* Begin PBXVariantGroup section */
		44FA27A9272BA92900503066 /* Main.storyboard */ = {
			isa = PBXVariantGroup;
			children = (
				44FA27AA272BA92900503066 /* Base */,
			);
			name = Main.storyboard;
			sourceTree = "<group>";
		};
		44FA27AE272BA92A00503066 /* LaunchScreen.storyboard */ = {
			isa = PBXVariantGroup;
			children = (
				44FA27AF272BA92A00503066 /* Base */,
			);
			name = LaunchScreen.storyboard;
			sourceTree = "<group>";
		};
/* End PBXVariantGroup section */

/* Begin XCBuildConfiguration section */
		44FA27CA272BA92A00503066 /* Debug */ = {
			isa = XCBuildConfiguration;
			buildSettings = {
				ALWAYS_SEARCH_USER_PATHS = NO;
				CLANG_ANALYZER_NONNULL = YES;
				CLANG_ANALYZER_NUMBER_OBJECT_CONVERSION = YES_AGGRESSIVE;
				CLANG_CXX_LANGUAGE_STANDARD = "gnu++17";
				CLANG_CXX_LIBRARY = "libc++";
				CLANG_ENABLE_MODULES = YES;
				CLANG_ENABLE_OBJC_ARC = YES;
				CLANG_ENABLE_OBJC_WEAK = YES;
				CLANG_WARN_BLOCK_CAPTURE_AUTORELEASING = YES;
				CLANG_WARN_BOOL_CONVERSION = YES;
				CLANG_WARN_COMMA = YES;
				CLANG_WARN_CONSTANT_CONVERSION = YES;
				CLANG_WARN_DEPRECATED_OBJC_IMPLEMENTATIONS = YES;
				CLANG_WARN_DIRECT_OBJC_ISA_USAGE = YES_ERROR;
				CLANG_WARN_DOCUMENTATION_COMMENTS = YES;
				CLANG_WARN_EMPTY_BODY = YES;
				CLANG_WARN_ENUM_CONVERSION = YES;
				CLANG_WARN_INFINITE_RECURSION = YES;
				CLANG_WARN_INT_CONVERSION = YES;
				CLANG_WARN_NON_LITERAL_NULL_CONVERSION = YES;
				CLANG_WARN_OBJC_IMPLICIT_RETAIN_SELF = YES;
				CLANG_WARN_OBJC_LITERAL_CONVERSION = YES;
				CLANG_WARN_OBJC_ROOT_CLASS = YES_ERROR;
				CLANG_WARN_QUOTED_INCLUDE_IN_FRAMEWORK_HEADER = YES;
				CLANG_WARN_RANGE_LOOP_ANALYSIS = YES;
				CLANG_WARN_STRICT_PROTOTYPES = YES;
				CLANG_WARN_SUSPICIOUS_MOVE = YES;
				CLANG_WARN_UNGUARDED_AVAILABILITY = YES_AGGRESSIVE;
				CLANG_WARN_UNREACHABLE_CODE = YES;
				CLANG_WARN__DUPLICATE_METHOD_MATCH = YES;
				COPY_PHASE_STRIP = NO;
				DEBUG_INFORMATION_FORMAT = dwarf;
				ENABLE_STRICT_OBJC_MSGSEND = YES;
				ENABLE_TESTABILITY = YES;
				GCC_C_LANGUAGE_STANDARD = gnu11;
				GCC_DYNAMIC_NO_PIC = NO;
				GCC_NO_COMMON_BLOCKS = YES;
				GCC_OPTIMIZATION_LEVEL = 0;
				GCC_PREPROCESSOR_DEFINITIONS = (
					"DEBUG=1",
					"$(inherited)",
				);
				GCC_WARN_64_TO_32_BIT_CONVERSION = YES;
				GCC_WARN_ABOUT_RETURN_TYPE = YES_ERROR;
				GCC_WARN_UNDECLARED_SELECTOR = YES;
				GCC_WARN_UNINITIALIZED_AUTOS = YES_AGGRESSIVE;
				GCC_WARN_UNUSED_FUNCTION = YES;
				GCC_WARN_UNUSED_VARIABLE = YES;
				IPHONEOS_DEPLOYMENT_TARGET = 15.0;
				MTL_ENABLE_DEBUG_INFO = INCLUDE_SOURCE;
				MTL_FAST_MATH = YES;
				ONLY_ACTIVE_ARCH = YES;
				SDKROOT = iphoneos;
			};
			name = Debug;
		};
		44FA27CB272BA92A00503066 /* Release */ = {
			isa = XCBuildConfiguration;
			buildSettings = {
				ALWAYS_SEARCH_USER_PATHS = NO;
				CLANG_ANALYZER_NONNULL = YES;
				CLANG_ANALYZER_NUMBER_OBJECT_CONVERSION = YES_AGGRESSIVE;
				CLANG_CXX_LANGUAGE_STANDARD = "gnu++17";
				CLANG_CXX_LIBRARY = "libc++";
				CLANG_ENABLE_MODULES = YES;
				CLANG_ENABLE_OBJC_ARC = YES;
				CLANG_ENABLE_OBJC_WEAK = YES;
				CLANG_WARN_BLOCK_CAPTURE_AUTORELEASING = YES;
				CLANG_WARN_BOOL_CONVERSION = YES;
				CLANG_WARN_COMMA = YES;
				CLANG_WARN_CONSTANT_CONVERSION = YES;
				CLANG_WARN_DEPRECATED_OBJC_IMPLEMENTATIONS = YES;
				CLANG_WARN_DIRECT_OBJC_ISA_USAGE = YES_ERROR;
				CLANG_WARN_DOCUMENTATION_COMMENTS = YES;
				CLANG_WARN_EMPTY_BODY = YES;
				CLANG_WARN_ENUM_CONVERSION = YES;
				CLANG_WARN_INFINITE_RECURSION = YES;
				CLANG_WARN_INT_CONVERSION = YES;
				CLANG_WARN_NON_LITERAL_NULL_CONVERSION = YES;
				CLANG_WARN_OBJC_IMPLICIT_RETAIN_SELF = YES;
				CLANG_WARN_OBJC_LITERAL_CONVERSION = YES;
				CLANG_WARN_OBJC_ROOT_CLASS = YES_ERROR;
				CLANG_WARN_QUOTED_INCLUDE_IN_FRAMEWORK_HEADER = YES;
				CLANG_WARN_RANGE_LOOP_ANALYSIS = YES;
				CLANG_WARN_STRICT_PROTOTYPES = YES;
				CLANG_WARN_SUSPICIOUS_MOVE = YES;
				CLANG_WARN_UNGUARDED_AVAILABILITY = YES_AGGRESSIVE;
				CLANG_WARN_UNREACHABLE_CODE = YES;
				CLANG_WARN__DUPLICATE_METHOD_MATCH = YES;
				COPY_PHASE_STRIP = NO;
				DEBUG_INFORMATION_FORMAT = "dwarf-with-dsym";
				ENABLE_NS_ASSERTIONS = NO;
				ENABLE_STRICT_OBJC_MSGSEND = YES;
				GCC_C_LANGUAGE_STANDARD = gnu11;
				GCC_NO_COMMON_BLOCKS = YES;
				GCC_WARN_64_TO_32_BIT_CONVERSION = YES;
				GCC_WARN_ABOUT_RETURN_TYPE = YES_ERROR;
				GCC_WARN_UNDECLARED_SELECTOR = YES;
				GCC_WARN_UNINITIALIZED_AUTOS = YES_AGGRESSIVE;
				GCC_WARN_UNUSED_FUNCTION = YES;
				GCC_WARN_UNUSED_VARIABLE = YES;
				IPHONEOS_DEPLOYMENT_TARGET = 15.0;
				MTL_ENABLE_DEBUG_INFO = NO;
				MTL_FAST_MATH = YES;
				SDKROOT = iphoneos;
				VALIDATE_PRODUCT = YES;
			};
			name = Release;
		};
		44FA27CD272BA92A00503066 /* Debug */ = {
			isa = XCBuildConfiguration;
			baseConfigurationReference = 4D55E9D21B2C894650A75783 /* Pods-FirstApp.debug.xcconfig */;
			buildSettings = {
				ASSETCATALOG_COMPILER_APPICON_NAME = AppIcon;
				ASSETCATALOG_COMPILER_GLOBAL_ACCENT_COLOR_NAME = AccentColor;
				CODE_SIGN_STYLE = Automatic;
				CURRENT_PROJECT_VERSION = 1;
				DEVELOPMENT_TEAM = W2TQ6HFG67;
				GENERATE_INFOPLIST_FILE = YES;
				INFOPLIST_FILE = FirstApp/Info.plist;
				INFOPLIST_KEY_UIApplicationSupportsIndirectInputEvents = YES;
				INFOPLIST_KEY_UILaunchStoryboardName = LaunchScreen;
				INFOPLIST_KEY_UIMainStoryboardFile = Main;
				INFOPLIST_KEY_UISupportedInterfaceOrientations_iPad = "UIInterfaceOrientationPortrait UIInterfaceOrientationPortraitUpsideDown UIInterfaceOrientationLandscapeLeft UIInterfaceOrientationLandscapeRight";
				INFOPLIST_KEY_UISupportedInterfaceOrientations_iPhone = "UIInterfaceOrientationPortrait UIInterfaceOrientationLandscapeLeft UIInterfaceOrientationLandscapeRight";
				IPHONEOS_DEPLOYMENT_TARGET = 14.0;
				LD_RUNPATH_SEARCH_PATHS = (
					"$(inherited)",
					"@executable_path/Frameworks",
				);
				MARKETING_VERSION = 1.0;
				PRODUCT_BUNDLE_IDENTIFIER = com.ipageon.test;
				PRODUCT_NAME = "$(TARGET_NAME)";
				SWIFT_EMIT_LOC_STRINGS = YES;
				TARGETED_DEVICE_FAMILY = "1,2";
			};
			name = Debug;
		};
		44FA27CE272BA92A00503066 /* Release */ = {
			isa = XCBuildConfiguration;
			baseConfigurationReference = C07A45943F1EA6FA71F87E5B /* Pods-FirstApp.release.xcconfig */;
			buildSettings = {
				ASSETCATALOG_COMPILER_APPICON_NAME = AppIcon;
				ASSETCATALOG_COMPILER_GLOBAL_ACCENT_COLOR_NAME = AccentColor;
				CODE_SIGN_STYLE = Automatic;
				CURRENT_PROJECT_VERSION = 1;
				DEVELOPMENT_TEAM = 5J792DUSV8;
				GENERATE_INFOPLIST_FILE = YES;
				INFOPLIST_FILE = FirstApp/Info.plist;
				INFOPLIST_KEY_UIApplicationSupportsIndirectInputEvents = YES;
				INFOPLIST_KEY_UILaunchStoryboardName = LaunchScreen;
				INFOPLIST_KEY_UIMainStoryboardFile = Main;
				INFOPLIST_KEY_UISupportedInterfaceOrientations_iPad = "UIInterfaceOrientationPortrait UIInterfaceOrientationPortraitUpsideDown UIInterfaceOrientationLandscapeLeft UIInterfaceOrientationLandscapeRight";
				INFOPLIST_KEY_UISupportedInterfaceOrientations_iPhone = "UIInterfaceOrientationPortrait UIInterfaceOrientationLandscapeLeft UIInterfaceOrientationLandscapeRight";
				IPHONEOS_DEPLOYMENT_TARGET = 14.0;
				LD_RUNPATH_SEARCH_PATHS = (
					"$(inherited)",
					"@executable_path/Frameworks",
				);
				MARKETING_VERSION = 1.0;
				PRODUCT_BUNDLE_IDENTIFIER = com.ipageon.test;
				PRODUCT_NAME = "$(TARGET_NAME)";
				SWIFT_EMIT_LOC_STRINGS = YES;
				TARGETED_DEVICE_FAMILY = "1,2";
			};
			name = Release;
		};
/* End XCBuildConfiguration section */

/* Begin XCConfigurationList section */
		44FA2798272BA92900503066 /* Build configuration list for PBXProject "FirstApp" */ = {
			isa = XCConfigurationList;
			buildConfigurations = (
				44FA27CA272BA92A00503066 /* Debug */,
				44FA27CB272BA92A00503066 /* Release */,
			);
			defaultConfigurationIsVisible = 0;
			defaultConfigurationName = Release;
		};
		44FA27CC272BA92A00503066 /* Build configuration list for PBXNativeTarget "FirstApp" */ = {
			isa = XCConfigurationList;
			buildConfigurations = (
				44FA27CD272BA92A00503066 /* Debug */,
				44FA27CE272BA92A00503066 /* Release */,
			);
			defaultConfigurationIsVisible = 0;
			defaultConfigurationName = Release;
		};
/* End XCConfigurationList section */
	};
	rootObject = 44FA2795272BA92900503066 /* Project object */;
}
