// !$*UTF8*$!
{
	archiveVersion = 1;
	classes = {
	};
	objectVersion = 55;
	objects = {

/* Begin PBXBuildFile section */
		44BF8D6B27351711005F838F /* AppDelegate.swift in Sources */ = {isa = PBXBuildFile; fileRef = 44BF8D6A27351711005F838F /* AppDelegate.swift */; };
		44BF8D6D27351711005F838F /* SceneDelegate.swift in Sources */ = {isa = PBXBuildFile; fileRef = 44BF8D6C27351711005F838F /* SceneDelegate.swift */; };
		44BF8D6F27351711005F838F /* ViewController.swift in Sources */ = {isa = PBXBuildFile; fileRef = 44BF8D6E27351711005F838F /* ViewController.swift */; };
		44BF8D7227351711005F838F /* Main.storyboard in Resources */ = {isa = PBXBuildFile; fileRef = 44BF8D7027351711005F838F /* Main.storyboard */; };
		44BF8D7427351712005F838F /* Assets.xcassets in Resources */ = {isa = PBXBuildFile; fileRef = 44BF8D7327351712005F838F /* Assets.xcassets */; };
		44BF8D7727351712005F838F /* LaunchScreen.storyboard in Resources */ = {isa = PBXBuildFile; fileRef = 44BF8D7527351712005F838F /* LaunchScreen.storyboard */; };
		44BF8D8227351712005F838F /* _RainbowTabsTests.swift in Sources */ = {isa = PBXBuildFile; fileRef = 44BF8D8127351712005F838F /* _RainbowTabsTests.swift */; };
		44BF8D8C27351713005F838F /* _RainbowTabsUITests.swift in Sources */ = {isa = PBXBuildFile; fileRef = 44BF8D8B27351713005F838F /* _RainbowTabsUITests.swift */; };
		44BF8D8E27351713005F838F /* _RainbowTabsUITestsLaunchTests.swift in Sources */ = {isa = PBXBuildFile; fileRef = 44BF8D8D27351713005F838F /* _RainbowTabsUITestsLaunchTests.swift */; };
/* End PBXBuildFile section */

/* Begin PBXContainerItemProxy section */
		44BF8D7E27351712005F838F /* PBXContainerItemProxy */ = {
			isa = PBXContainerItemProxy;
			containerPortal = 44BF8D5F27351710005F838F /* Project object */;
			proxyType = 1;
			remoteGlobalIDString = 44BF8D6627351710005F838F;
			remoteInfo = "\\RainbowTabs";
		};
		44BF8D8827351713005F838F /* PBXContainerItemProxy */ = {
			isa = PBXContainerItemProxy;
			containerPortal = 44BF8D5F27351710005F838F /* Project object */;
			proxyType = 1;
			remoteGlobalIDString = 44BF8D6627351710005F838F;
			remoteInfo = "\\RainbowTabs";
		};
/* End PBXContainerItemProxy section */

/* Begin PBXFileReference section */
		44BF8D6727351710005F838F /* \RainbowTabs.app */ = {isa = PBXFileReference; explicitFileType = wrapper.application; includeInIndex = 0; path = "\\RainbowTabs.app"; sourceTree = BUILT_PRODUCTS_DIR; };
		44BF8D6A27351711005F838F /* AppDelegate.swift */ = {isa = PBXFileReference; lastKnownFileType = sourcecode.swift; path = AppDelegate.swift; sourceTree = "<group>"; };
		44BF8D6C27351711005F838F /* SceneDelegate.swift */ = {isa = PBXFileReference; lastKnownFileType = sourcecode.swift; path = SceneDelegate.swift; sourceTree = "<group>"; };
		44BF8D6E27351711005F838F /* ViewController.swift */ = {isa = PBXFileReference; lastKnownFileType = sourcecode.swift; path = ViewController.swift; sourceTree = "<group>"; };
		44BF8D7127351711005F838F /* Base */ = {isa = PBXFileReference; lastKnownFileType = file.storyboard; name = Base; path = Base.lproj/Main.storyboard; sourceTree = "<group>"; };
		44BF8D7327351712005F838F /* Assets.xcassets */ = {isa = PBXFileReference; lastKnownFileType = folder.assetcatalog; path = Assets.xcassets; sourceTree = "<group>"; };
		44BF8D7627351712005F838F /* Base */ = {isa = PBXFileReference; lastKnownFileType = file.storyboard; name = Base; path = Base.lproj/LaunchScreen.storyboard; sourceTree = "<group>"; };
		44BF8D7827351712005F838F /* Info.plist */ = {isa = PBXFileReference; lastKnownFileType = text.plist.xml; path = Info.plist; sourceTree = "<group>"; };
		44BF8D7D27351712005F838F /* \RainbowTabsTests.xctest */ = {isa = PBXFileReference; explicitFileType = wrapper.cfbundle; includeInIndex = 0; path = "\\RainbowTabsTests.xctest"; sourceTree = BUILT_PRODUCTS_DIR; };
		44BF8D8127351712005F838F /* _RainbowTabsTests.swift */ = {isa = PBXFileReference; lastKnownFileType = sourcecode.swift; path = _RainbowTabsTests.swift; sourceTree = "<group>"; };
		44BF8D8727351713005F838F /* \RainbowTabsUITests.xctest */ = {isa = PBXFileReference; explicitFileType = wrapper.cfbundle; includeInIndex = 0; path = "\\RainbowTabsUITests.xctest"; sourceTree = BUILT_PRODUCTS_DIR; };
		44BF8D8B27351713005F838F /* _RainbowTabsUITests.swift */ = {isa = PBXFileReference; lastKnownFileType = sourcecode.swift; path = _RainbowTabsUITests.swift; sourceTree = "<group>"; };
		44BF8D8D27351713005F838F /* _RainbowTabsUITestsLaunchTests.swift */ = {isa = PBXFileReference; lastKnownFileType = sourcecode.swift; path = _RainbowTabsUITestsLaunchTests.swift; sourceTree = "<group>"; };
/* End PBXFileReference section */

/* Begin PBXFrameworksBuildPhase section */
		44BF8D6427351710005F838F /* Frameworks */ = {
			isa = PBXFrameworksBuildPhase;
			buildActionMask = 2147483647;
			files = (
			);
			runOnlyForDeploymentPostprocessing = 0;
		};
		44BF8D7A27351712005F838F /* Frameworks */ = {
			isa = PBXFrameworksBuildPhase;
			buildActionMask = 2147483647;
			files = (
			);
			runOnlyForDeploymentPostprocessing = 0;
		};
		44BF8D8427351713005F838F /* Frameworks */ = {
			isa = PBXFrameworksBuildPhase;
			buildActionMask = 2147483647;
			files = (
			);
			runOnlyForDeploymentPostprocessing = 0;
		};
/* End PBXFrameworksBuildPhase section */

/* Begin PBXGroup section */
		44BF8D5E27351710005F838F = {
			isa = PBXGroup;
			children = (
				44BF8D6927351710005F838F /* \RainbowTabs */,
				44BF8D8027351712005F838F /* \RainbowTabsTests */,
				44BF8D8A27351713005F838F /* \RainbowTabsUITests */,
				44BF8D6827351710005F838F /* Products */,
			);
			sourceTree = "<group>";
		};
		44BF8D6827351710005F838F /* Products */ = {
			isa = PBXGroup;
			children = (
				44BF8D6727351710005F838F /* \RainbowTabs.app */,
				44BF8D7D27351712005F838F /* \RainbowTabsTests.xctest */,
				44BF8D8727351713005F838F /* \RainbowTabsUITests.xctest */,
			);
			name = Products;
			sourceTree = "<group>";
		};
		44BF8D6927351710005F838F /* \RainbowTabs */ = {
			isa = PBXGroup;
			children = (
				44BF8D6A27351711005F838F /* AppDelegate.swift */,
				44BF8D6C27351711005F838F /* SceneDelegate.swift */,
				44BF8D6E27351711005F838F /* ViewController.swift */,
				44BF8D7027351711005F838F /* Main.storyboard */,
				44BF8D7327351712005F838F /* Assets.xcassets */,
				44BF8D7527351712005F838F /* LaunchScreen.storyboard */,
				44BF8D7827351712005F838F /* Info.plist */,
			);
			path = "\\RainbowTabs";
			sourceTree = "<group>";
		};
		44BF8D8027351712005F838F /* \RainbowTabsTests */ = {
			isa = PBXGroup;
			children = (
				44BF8D8127351712005F838F /* _RainbowTabsTests.swift */,
			);
			path = "\\RainbowTabsTests";
			sourceTree = "<group>";
		};
		44BF8D8A27351713005F838F /* \RainbowTabsUITests */ = {
			isa = PBXGroup;
			children = (
				44BF8D8B27351713005F838F /* _RainbowTabsUITests.swift */,
				44BF8D8D27351713005F838F /* _RainbowTabsUITestsLaunchTests.swift */,
			);
			path = "\\RainbowTabsUITests";
			sourceTree = "<group>";
		};
/* End PBXGroup section */

/* Begin PBXNativeTarget section */
		44BF8D6627351710005F838F /* \RainbowTabs */ = {
			isa = PBXNativeTarget;
			buildConfigurationList = 44BF8D9127351713005F838F /* Build configuration list for PBXNativeTarget "\RainbowTabs" */;
			buildPhases = (
				44BF8D6327351710005F838F /* Sources */,
				44BF8D6427351710005F838F /* Frameworks */,
				44BF8D6527351710005F838F /* Resources */,
			);
			buildRules = (
			);
			dependencies = (
			);
			name = "\\RainbowTabs";
			productName = "\\RainbowTabs";
			productReference = 44BF8D6727351710005F838F /* \RainbowTabs.app */;
			productType = "com.apple.product-type.application";
		};
		44BF8D7C27351712005F838F /* \RainbowTabsTests */ = {
			isa = PBXNativeTarget;
			buildConfigurationList = 44BF8D9427351713005F838F /* Build configuration list for PBXNativeTarget "\RainbowTabsTests" */;
			buildPhases = (
				44BF8D7927351712005F838F /* Sources */,
				44BF8D7A27351712005F838F /* Frameworks */,
				44BF8D7B27351712005F838F /* Resources */,
			);
			buildRules = (
			);
			dependencies = (
				44BF8D7F27351712005F838F /* PBXTargetDependency */,
			);
			name = "\\RainbowTabsTests";
			productName = "\\RainbowTabsTests";
			productReference = 44BF8D7D27351712005F838F /* \RainbowTabsTests.xctest */;
			productType = "com.apple.product-type.bundle.unit-test";
		};
		44BF8D8627351713005F838F /* \RainbowTabsUITests */ = {
			isa = PBXNativeTarget;
			buildConfigurationList = 44BF8D9727351713005F838F /* Build configuration list for PBXNativeTarget "\RainbowTabsUITests" */;
			buildPhases = (
				44BF8D8327351713005F838F /* Sources */,
				44BF8D8427351713005F838F /* Frameworks */,
				44BF8D8527351713005F838F /* Resources */,
			);
			buildRules = (
			);
			dependencies = (
				44BF8D8927351713005F838F /* PBXTargetDependency */,
			);
			name = "\\RainbowTabsUITests";
			productName = "\\RainbowTabsUITests";
			productReference = 44BF8D8727351713005F838F /* \RainbowTabsUITests.xctest */;
			productType = "com.apple.product-type.bundle.ui-testing";
		};
/* End PBXNativeTarget section */

/* Begin PBXProject section */
		44BF8D5F27351710005F838F /* Project object */ = {
			isa = PBXProject;
			attributes = {
				BuildIndependentTargetsInParallel = 1;
				LastSwiftUpdateCheck = 1310;
				LastUpgradeCheck = 1310;
				TargetAttributes = {
					44BF8D6627351710005F838F = {
						CreatedOnToolsVersion = 13.1;
					};
					44BF8D7C27351712005F838F = {
						CreatedOnToolsVersion = 13.1;
						TestTargetID = 44BF8D6627351710005F838F;
					};
					44BF8D8627351713005F838F = {
						CreatedOnToolsVersion = 13.1;
						TestTargetID = 44BF8D6627351710005F838F;
					};
				};
			};
			buildConfigurationList = 44BF8D6227351710005F838F /* Build configuration list for PBXProject "\RainbowTabs" */;
			compatibilityVersion = "Xcode 13.0";
			developmentRegion = en;
			hasScannedForEncodings = 0;
			knownRegions = (
				en,
				Base,
			);
			mainGroup = 44BF8D5E27351710005F838F;
			productRefGroup = 44BF8D6827351710005F838F /* Products */;
			projectDirPath = "";
			projectRoot = "";
			targets = (
				44BF8D6627351710005F838F /* \RainbowTabs */,
				44BF8D7C27351712005F838F /* \RainbowTabsTests */,
				44BF8D8627351713005F838F /* \RainbowTabsUITests */,
			);
		};
/* End PBXProject section */

/* Begin PBXResourcesBuildPhase section */
		44BF8D6527351710005F838F /* Resources */ = {
			isa = PBXResourcesBuildPhase;
			buildActionMask = 2147483647;
			files = (
				44BF8D7727351712005F838F /* LaunchScreen.storyboard in Resources */,
				44BF8D7427351712005F838F /* Assets.xcassets in Resources */,
				44BF8D7227351711005F838F /* Main.storyboard in Resources */,
			);
			runOnlyForDeploymentPostprocessing = 0;
		};
		44BF8D7B27351712005F838F /* Resources */ = {
			isa = PBXResourcesBuildPhase;
			buildActionMask = 2147483647;
			files = (
			);
			runOnlyForDeploymentPostprocessing = 0;
		};
		44BF8D8527351713005F838F /* Resources */ = {
			isa = PBXResourcesBuildPhase;
			buildActionMask = 2147483647;
			files = (
			);
			runOnlyForDeploymentPostprocessing = 0;
		};
/* End PBXResourcesBuildPhase section */

/* Begin PBXSourcesBuildPhase section */
		44BF8D6327351710005F838F /* Sources */ = {
			isa = PBXSourcesBuildPhase;
			buildActionMask = 2147483647;
			files = (
				44BF8D6F27351711005F838F /* ViewController.swift in Sources */,
				44BF8D6B27351711005F838F /* AppDelegate.swift in Sources */,
				44BF8D6D27351711005F838F /* SceneDelegate.swift in Sources */,
			);
			runOnlyForDeploymentPostprocessing = 0;
		};
		44BF8D7927351712005F838F /* Sources */ = {
			isa = PBXSourcesBuildPhase;
			buildActionMask = 2147483647;
			files = (
				44BF8D8227351712005F838F /* _RainbowTabsTests.swift in Sources */,
			);
			runOnlyForDeploymentPostprocessing = 0;
		};
		44BF8D8327351713005F838F /* Sources */ = {
			isa = PBXSourcesBuildPhase;
			buildActionMask = 2147483647;
			files = (
				44BF8D8C27351713005F838F /* _RainbowTabsUITests.swift in Sources */,
				44BF8D8E27351713005F838F /* _RainbowTabsUITestsLaunchTests.swift in Sources */,
			);
			runOnlyForDeploymentPostprocessing = 0;
		};
/* End PBXSourcesBuildPhase section */

/* Begin PBXTargetDependency section */
		44BF8D7F27351712005F838F /* PBXTargetDependency */ = {
			isa = PBXTargetDependency;
			target = 44BF8D6627351710005F838F /* \RainbowTabs */;
			targetProxy = 44BF8D7E27351712005F838F /* PBXContainerItemProxy */;
		};
		44BF8D8927351713005F838F /* PBXTargetDependency */ = {
			isa = PBXTargetDependency;
			target = 44BF8D6627351710005F838F /* \RainbowTabs */;
			targetProxy = 44BF8D8827351713005F838F /* PBXContainerItemProxy */;
		};
/* End PBXTargetDependency section */

/* Begin PBXVariantGroup section */
		44BF8D7027351711005F838F /* Main.storyboard */ = {
			isa = PBXVariantGroup;
			children = (
				44BF8D7127351711005F838F /* Base */,
			);
			name = Main.storyboard;
			sourceTree = "<group>";
		};
		44BF8D7527351712005F838F /* LaunchScreen.storyboard */ = {
			isa = PBXVariantGroup;
			children = (
				44BF8D7627351712005F838F /* Base */,
			);
			name = LaunchScreen.storyboard;
			sourceTree = "<group>";
		};
/* End PBXVariantGroup section */

/* Begin XCBuildConfiguration section */
		44BF8D8F27351713005F838F /* Debug */ = {
			isa = XCBuildConfiguration;
			buildSettings = {
				ALWAYS_SEARCH_USER_PATHS = NO;
				CLANG_ANALYZER_NONNULL = YES;
				CLANG_ANALYZER_NUMBER_OBJECT_CONVERSION = YES_AGGRESSIVE;
				CLANG_CXX_LANGUAGE_STANDARD = "gnu++17";
				CLANG_CXX_LIBRARY = "libc++";
				CLANG_ENABLE_MODULES = YES;
				CLANG_ENABLE_OBJC_ARC = YES;
				CLANG_ENABLE_OBJC_WEAK = YES;
				CLANG_WARN_BLOCK_CAPTURE_AUTORELEASING = YES;
				CLANG_WARN_BOOL_CONVERSION = YES;
				CLANG_WARN_COMMA = YES;
				CLANG_WARN_CONSTANT_CONVERSION = YES;
				CLANG_WARN_DEPRECATED_OBJC_IMPLEMENTATIONS = YES;
				CLANG_WARN_DIRECT_OBJC_ISA_USAGE = YES_ERROR;
				CLANG_WARN_DOCUMENTATION_COMMENTS = YES;
				CLANG_WARN_EMPTY_BODY = YES;
				CLANG_WARN_ENUM_CONVERSION = YES;
				CLANG_WARN_INFINITE_RECURSION = YES;
				CLANG_WARN_INT_CONVERSION = YES;
				CLANG_WARN_NON_LITERAL_NULL_CONVERSION = YES;
				CLANG_WARN_OBJC_IMPLICIT_RETAIN_SELF = YES;
				CLANG_WARN_OBJC_LITERAL_CONVERSION = YES;
				CLANG_WARN_OBJC_ROOT_CLASS = YES_ERROR;
				CLANG_WARN_QUOTED_INCLUDE_IN_FRAMEWORK_HEADER = YES;
				CLANG_WARN_RANGE_LOOP_ANALYSIS = YES;
				CLANG_WARN_STRICT_PROTOTYPES = YES;
				CLANG_WARN_SUSPICIOUS_MOVE = YES;
				CLANG_WARN_UNGUARDED_AVAILABILITY = YES_AGGRESSIVE;
				CLANG_WARN_UNREACHABLE_CODE = YES;
				CLANG_WARN__DUPLICATE_METHOD_MATCH = YES;
				COPY_PHASE_STRIP = NO;
				DEBUG_INFORMATION_FORMAT = dwarf;
				ENABLE_STRICT_OBJC_MSGSEND = YES;
				ENABLE_TESTABILITY = YES;
				GCC_C_LANGUAGE_STANDARD = gnu11;
				GCC_DYNAMIC_NO_PIC = NO;
				GCC_NO_COMMON_BLOCKS = YES;
				GCC_OPTIMIZATION_LEVEL = 0;
				GCC_PREPROCESSOR_DEFINITIONS = (
					"DEBUG=1",
					"$(inherited)",
				);
				GCC_WARN_64_TO_32_BIT_CONVERSION = YES;
				GCC_WARN_ABOUT_RETURN_TYPE = YES_ERROR;
				GCC_WARN_UNDECLARED_SELECTOR = YES;
				GCC_WARN_UNINITIALIZED_AUTOS = YES_AGGRESSIVE;
				GCC_WARN_UNUSED_FUNCTION = YES;
				GCC_WARN_UNUSED_VARIABLE = YES;
				IPHONEOS_DEPLOYMENT_TARGET = 15.0;
				MTL_ENABLE_DEBUG_INFO = INCLUDE_SOURCE;
				MTL_FAST_MATH = YES;
				ONLY_ACTIVE_ARCH = YES;
				SDKROOT = iphoneos;
				SWIFT_ACTIVE_COMPILATION_CONDITIONS = DEBUG;
				SWIFT_OPTIMIZATION_LEVEL = "-Onone";
			};
			name = Debug;
		};
		44BF8D9027351713005F838F /* Release */ = {
			isa = XCBuildConfiguration;
			buildSettings = {
				ALWAYS_SEARCH_USER_PATHS = NO;
				CLANG_ANALYZER_NONNULL = YES;
				CLANG_ANALYZER_NUMBER_OBJECT_CONVERSION = YES_AGGRESSIVE;
				CLANG_CXX_LANGUAGE_STANDARD = "gnu++17";
				CLANG_CXX_LIBRARY = "libc++";
				CLANG_ENABLE_MODULES = YES;
				CLANG_ENABLE_OBJC_ARC = YES;
				CLANG_ENABLE_OBJC_WEAK = YES;
				CLANG_WARN_BLOCK_CAPTURE_AUTORELEASING = YES;
				CLANG_WARN_BOOL_CONVERSION = YES;
				CLANG_WARN_COMMA = YES;
				CLANG_WARN_CONSTANT_CONVERSION = YES;
				CLANG_WARN_DEPRECATED_OBJC_IMPLEMENTATIONS = YES;
				CLANG_WARN_DIRECT_OBJC_ISA_USAGE = YES_ERROR;
				CLANG_WARN_DOCUMENTATION_COMMENTS = YES;
				CLANG_WARN_EMPTY_BODY = YES;
				CLANG_WARN_ENUM_CONVERSION = YES;
				CLANG_WARN_INFINITE_RECURSION = YES;
				CLANG_WARN_INT_CONVERSION = YES;
				CLANG_WARN_NON_LITERAL_NULL_CONVERSION = YES;
				CLANG_WARN_OBJC_IMPLICIT_RETAIN_SELF = YES;
				CLANG_WARN_OBJC_LITERAL_CONVERSION = YES;
				CLANG_WARN_OBJC_ROOT_CLASS = YES_ERROR;
				CLANG_WARN_QUOTED_INCLUDE_IN_FRAMEWORK_HEADER = YES;
				CLANG_WARN_RANGE_LOOP_ANALYSIS = YES;
				CLANG_WARN_STRICT_PROTOTYPES = YES;
				CLANG_WARN_SUSPICIOUS_MOVE = YES;
				CLANG_WARN_UNGUARDED_AVAILABILITY = YES_AGGRESSIVE;
				CLANG_WARN_UNREACHABLE_CODE = YES;
				CLANG_WARN__DUPLICATE_METHOD_MATCH = YES;
				COPY_PHASE_STRIP = NO;
				DEBUG_INFORMATION_FORMAT = "dwarf-with-dsym";
				ENABLE_NS_ASSERTIONS = NO;
				ENABLE_STRICT_OBJC_MSGSEND = YES;
				GCC_C_LANGUAGE_STANDARD = gnu11;
				GCC_NO_COMMON_BLOCKS = YES;
				GCC_WARN_64_TO_32_BIT_CONVERSION = YES;
				GCC_WARN_ABOUT_RETURN_TYPE = YES_ERROR;
				GCC_WARN_UNDECLARED_SELECTOR = YES;
				GCC_WARN_UNINITIALIZED_AUTOS = YES_AGGRESSIVE;
				GCC_WARN_UNUSED_FUNCTION = YES;
				GCC_WARN_UNUSED_VARIABLE = YES;
				IPHONEOS_DEPLOYMENT_TARGET = 15.0;
				MTL_ENABLE_DEBUG_INFO = NO;
				MTL_FAST_MATH = YES;
				SDKROOT = iphoneos;
				SWIFT_COMPILATION_MODE = wholemodule;
				SWIFT_OPTIMIZATION_LEVEL = "-O";
				VALIDATE_PRODUCT = YES;
			};
			name = Release;
		};
		44BF8D9227351713005F838F /* Debug */ = {
			isa = XCBuildConfiguration;
			buildSettings = {
				ASSETCATALOG_COMPILER_APPICON_NAME = AppIcon;
				ASSETCATALOG_COMPILER_GLOBAL_ACCENT_COLOR_NAME = AccentColor;
				CODE_SIGN_STYLE = Automatic;
				CURRENT_PROJECT_VERSION = 1;
				DEVELOPMENT_TEAM = W2TQ6HFG67;
				GENERATE_INFOPLIST_FILE = YES;
				INFOPLIST_FILE = "\\RainbowTabs/Info.plist";
				INFOPLIST_KEY_CFBundleDisplayName = RainbowTabs;
				INFOPLIST_KEY_UIApplicationSupportsIndirectInputEvents = YES;
				INFOPLIST_KEY_UILaunchStoryboardName = LaunchScreen;
				INFOPLIST_KEY_UIMainStoryboardFile = Main;
				INFOPLIST_KEY_UISupportedInterfaceOrientations_iPad = "UIInterfaceOrientationPortrait UIInterfaceOrientationPortraitUpsideDown UIInterfaceOrientationLandscapeLeft UIInterfaceOrientationLandscapeRight";
				INFOPLIST_KEY_UISupportedInterfaceOrientations_iPhone = "UIInterfaceOrientationPortrait UIInterfaceOrientationLandscapeLeft UIInterfaceOrientationLandscapeRight";
				LD_RUNPATH_SEARCH_PATHS = (
					"$(inherited)",
					"@executable_path/Frameworks",
				);
				MARKETING_VERSION = 1.0;
				PRODUCT_BUNDLE_IDENTIFIER = "kimtaehyeong.-RainbowTabs";
				PRODUCT_NAME = "$(TARGET_NAME)";
				SWIFT_EMIT_LOC_STRINGS = YES;
				SWIFT_VERSION = 5.0;
				TARGETED_DEVICE_FAMILY = "1,2";
			};
			name = Debug;
		};
		44BF8D9327351713005F838F /* Release */ = {
			isa = XCBuildConfiguration;
			buildSettings = {
				ASSETCATALOG_COMPILER_APPICON_NAME = AppIcon;
				ASSETCATALOG_COMPILER_GLOBAL_ACCENT_COLOR_NAME = AccentColor;
				CODE_SIGN_STYLE = Automatic;
				CURRENT_PROJECT_VERSION = 1;
				DEVELOPMENT_TEAM = W2TQ6HFG67;
				GENERATE_INFOPLIST_FILE = YES;
				INFOPLIST_FILE = "\\RainbowTabs/Info.plist";
				INFOPLIST_KEY_CFBundleDisplayName = RainbowTabs;
				INFOPLIST_KEY_UIApplicationSupportsIndirectInputEvents = YES;
				INFOPLIST_KEY_UILaunchStoryboardName = LaunchScreen;
				INFOPLIST_KEY_UIMainStoryboardFile = Main;
				INFOPLIST_KEY_UISupportedInterfaceOrientations_iPad = "UIInterfaceOrientationPortrait UIInterfaceOrientationPortraitUpsideDown UIInterfaceOrientationLandscapeLeft UIInterfaceOrientationLandscapeRight";
				INFOPLIST_KEY_UISupportedInterfaceOrientations_iPhone = "UIInterfaceOrientationPortrait UIInterfaceOrientationLandscapeLeft UIInterfaceOrientationLandscapeRight";
				LD_RUNPATH_SEARCH_PATHS = (
					"$(inherited)",
					"@executable_path/Frameworks",
				);
				MARKETING_VERSION = 1.0;
				PRODUCT_BUNDLE_IDENTIFIER = "kimtaehyeong.-RainbowTabs";
				PRODUCT_NAME = "$(TARGET_NAME)";
				SWIFT_EMIT_LOC_STRINGS = YES;
				SWIFT_VERSION = 5.0;
				TARGETED_DEVICE_FAMILY = "1,2";
			};
			name = Release;
		};
		44BF8D9527351713005F838F /* Debug */ = {
			isa = XCBuildConfiguration;
			buildSettings = {
				ALWAYS_EMBED_SWIFT_STANDARD_LIBRARIES = YES;
				BUNDLE_LOADER = "$(TEST_HOST)";
				CODE_SIGN_STYLE = Automatic;
				CURRENT_PROJECT_VERSION = 1;
				DEVELOPMENT_TEAM = W2TQ6HFG67;
				GENERATE_INFOPLIST_FILE = YES;
				IPHONEOS_DEPLOYMENT_TARGET = 15.0;
				LD_RUNPATH_SEARCH_PATHS = (
					"$(inherited)",
					"@executable_path/Frameworks",
					"@loader_path/Frameworks",
				);
				MARKETING_VERSION = 1.0;
				PRODUCT_BUNDLE_IDENTIFIER = "kimtaehyeong.-RainbowTabsTests";
				PRODUCT_NAME = "$(TARGET_NAME)";
				SWIFT_EMIT_LOC_STRINGS = NO;
				SWIFT_VERSION = 5.0;
				TARGETED_DEVICE_FAMILY = "1,2";
				TEST_HOST = "$(BUILT_PRODUCTS_DIR)/\\RainbowTabs.app/\\RainbowTabs";
			};
			name = Debug;
		};
		44BF8D9627351713005F838F /* Release */ = {
			isa = XCBuildConfiguration;
			buildSettings = {
				ALWAYS_EMBED_SWIFT_STANDARD_LIBRARIES = YES;
				BUNDLE_LOADER = "$(TEST_HOST)";
				CODE_SIGN_STYLE = Automatic;
				CURRENT_PROJECT_VERSION = 1;
				DEVELOPMENT_TEAM = W2TQ6HFG67;
				GENERATE_INFOPLIST_FILE = YES;
				IPHONEOS_DEPLOYMENT_TARGET = 15.0;
				LD_RUNPATH_SEARCH_PATHS = (
					"$(inherited)",
					"@executable_path/Frameworks",
					"@loader_path/Frameworks",
				);
				MARKETING_VERSION = 1.0;
				PRODUCT_BUNDLE_IDENTIFIER = "kimtaehyeong.-RainbowTabsTests";
				PRODUCT_NAME = "$(TARGET_NAME)";
				SWIFT_EMIT_LOC_STRINGS = NO;
				SWIFT_VERSION = 5.0;
				TARGETED_DEVICE_FAMILY = "1,2";
				TEST_HOST = "$(BUILT_PRODUCTS_DIR)/\\RainbowTabs.app/\\RainbowTabs";
			};
			name = Release;
		};
		44BF8D9827351713005F838F /* Debug */ = {
			isa = XCBuildConfiguration;
			buildSettings = {
				ALWAYS_EMBED_SWIFT_STANDARD_LIBRARIES = YES;
				CODE_SIGN_STYLE = Automatic;
				CURRENT_PROJECT_VERSION = 1;
				DEVELOPMENT_TEAM = W2TQ6HFG67;
				GENERATE_INFOPLIST_FILE = YES;
				LD_RUNPATH_SEARCH_PATHS = (
					"$(inherited)",
					"@executable_path/Frameworks",
					"@loader_path/Frameworks",
				);
				MARKETING_VERSION = 1.0;
				PRODUCT_BUNDLE_IDENTIFIER = "kimtaehyeong.-RainbowTabsUITests";
				PRODUCT_NAME = "$(TARGET_NAME)";
				SWIFT_EMIT_LOC_STRINGS = NO;
				SWIFT_VERSION = 5.0;
				TARGETED_DEVICE_FAMILY = "1,2";
				TEST_TARGET_NAME = "\\RainbowTabs";
			};
			name = Debug;
		};
		44BF8D9927351713005F838F /* Release */ = {
			isa = XCBuildConfiguration;
			buildSettings = {
				ALWAYS_EMBED_SWIFT_STANDARD_LIBRARIES = YES;
				CODE_SIGN_STYLE = Automatic;
				CURRENT_PROJECT_VERSION = 1;
				DEVELOPMENT_TEAM = W2TQ6HFG67;
				GENERATE_INFOPLIST_FILE = YES;
				LD_RUNPATH_SEARCH_PATHS = (
					"$(inherited)",
					"@executable_path/Frameworks",
					"@loader_path/Frameworks",
				);
				MARKETING_VERSION = 1.0;
				PRODUCT_BUNDLE_IDENTIFIER = "kimtaehyeong.-RainbowTabsUITests";
				PRODUCT_NAME = "$(TARGET_NAME)";
				SWIFT_EMIT_LOC_STRINGS = NO;
				SWIFT_VERSION = 5.0;
				TARGETED_DEVICE_FAMILY = "1,2";
				TEST_TARGET_NAME = "\\RainbowTabs";
			};
			name = Release;
		};
/* End XCBuildConfiguration section */

/* Begin XCConfigurationList section */
		44BF8D6227351710005F838F /* Build configuration list for PBXProject "\RainbowTabs" */ = {
			isa = XCConfigurationList;
			buildConfigurations = (
				44BF8D8F27351713005F838F /* Debug */,
				44BF8D9027351713005F838F /* Release */,
			);
			defaultConfigurationIsVisible = 0;
			defaultConfigurationName = Release;
		};
		44BF8D9127351713005F838F /* Build configuration list for PBXNativeTarget "\RainbowTabs" */ = {
			isa = XCConfigurationList;
			buildConfigurations = (
				44BF8D9227351713005F838F /* Debug */,
				44BF8D9327351713005F838F /* Release */,
			);
			defaultConfigurationIsVisible = 0;
			defaultConfigurationName = Release;
		};
		44BF8D9427351713005F838F /* Build configuration list for PBXNativeTarget "\RainbowTabsTests" */ = {
			isa = XCConfigurationList;
			buildConfigurations = (
				44BF8D9527351713005F838F /* Debug */,
				44BF8D9627351713005F838F /* Release */,
			);
			defaultConfigurationIsVisible = 0;
			defaultConfigurationName = Release;
		};
		44BF8D9727351713005F838F /* Build configuration list for PBXNativeTarget "\RainbowTabsUITests" */ = {
			isa = XCConfigurationList;
			buildConfigurations = (
				44BF8D9827351713005F838F /* Debug */,
				44BF8D9927351713005F838F /* Release */,
			);
			defaultConfigurationIsVisible = 0;
			defaultConfigurationName = Release;
		};
/* End XCConfigurationList section */
	};
	rootObject = 44BF8D5F27351710005F838F /* Project object */;
}
