// !$*UTF8*$!
{
	archiveVersion = 1;
	classes = {
	};
	objectVersion = 55;
	objects = {

/* Begin PBXBuildFile section */
		4487533327AC09E300984F5F /* BountyInfo.swift in Sources */ = {isa = PBXBuildFile; fileRef = 4487533227AC09E300984F5F /* BountyInfo.swift */; };
		44E1306627A9392A00D9BDC5 /* AppDelegate.swift in Sources */ = {isa = PBXBuildFile; fileRef = 44E1306527A9392A00D9BDC5 /* AppDelegate.swift */; };
		44E1306827A9392A00D9BDC5 /* SceneDelegate.swift in Sources */ = {isa = PBXBuildFile; fileRef = 44E1306727A9392A00D9BDC5 /* SceneDelegate.swift */; };
		44E1306D27A9392A00D9BDC5 /* Main.storyboard in Resources */ = {isa = PBXBuildFile; fileRef = 44E1306B27A9392A00D9BDC5 /* Main.storyboard */; };
		44E1306F27A9392C00D9BDC5 /* Assets.xcassets in Resources */ = {isa = PBXBuildFile; fileRef = 44E1306E27A9392C00D9BDC5 /* Assets.xcassets */; };
		44E1307227A9392C00D9BDC5 /* LaunchScreen.storyboard in Resources */ = {isa = PBXBuildFile; fileRef = 44E1307027A9392C00D9BDC5 /* LaunchScreen.storyboard */; };
		44E1307A27A939CB00D9BDC5 /* BountyViewController.swift in Sources */ = {isa = PBXBuildFile; fileRef = 44E1307927A939CB00D9BDC5 /* BountyViewController.swift */; };
		44E1307C27A946CF00D9BDC5 /* DetailViewController.swift in Sources */ = {isa = PBXBuildFile; fileRef = 44E1307B27A946CF00D9BDC5 /* DetailViewController.swift */; };
/* End PBXBuildFile section */

/* Begin PBXFileReference section */
		4487533227AC09E300984F5F /* BountyInfo.swift */ = {isa = PBXFileReference; lastKnownFileType = sourcecode.swift; path = BountyInfo.swift; sourceTree = "<group>"; };
		44E1306227A9392A00D9BDC5 /* BountyList.app */ = {isa = PBXFileReference; explicitFileType = wrapper.application; includeInIndex = 0; path = BountyList.app; sourceTree = BUILT_PRODUCTS_DIR; };
		44E1306527A9392A00D9BDC5 /* AppDelegate.swift */ = {isa = PBXFileReference; lastKnownFileType = sourcecode.swift; path = AppDelegate.swift; sourceTree = "<group>"; };
		44E1306727A9392A00D9BDC5 /* SceneDelegate.swift */ = {isa = PBXFileReference; lastKnownFileType = sourcecode.swift; path = SceneDelegate.swift; sourceTree = "<group>"; };
		44E1306C27A9392A00D9BDC5 /* Base */ = {isa = PBXFileReference; lastKnownFileType = file.storyboard; name = Base; path = Base.lproj/Main.storyboard; sourceTree = "<group>"; };
		44E1306E27A9392C00D9BDC5 /* Assets.xcassets */ = {isa = PBXFileReference; lastKnownFileType = folder.assetcatalog; path = Assets.xcassets; sourceTree = "<group>"; };
		44E1307127A9392C00D9BDC5 /* Base */ = {isa = PBXFileReference; lastKnownFileType = file.storyboard; name = Base; path = Base.lproj/LaunchScreen.storyboard; sourceTree = "<group>"; };
		44E1307327A9392C00D9BDC5 /* Info.plist */ = {isa = PBXFileReference; lastKnownFileType = text.plist.xml; path = Info.plist; sourceTree = "<group>"; };
		44E1307927A939CB00D9BDC5 /* BountyViewController.swift */ = {isa = PBXFileReference; lastKnownFileType = sourcecode.swift; path = BountyViewController.swift; sourceTree = "<group>"; usesTabs = 0; };
		44E1307B27A946CF00D9BDC5 /* DetailViewController.swift */ = {isa = PBXFileReference; lastKnownFileType = sourcecode.swift; path = DetailViewController.swift; sourceTree = "<group>"; };
/* End PBXFileReference section */

/* Begin PBXFrameworksBuildPhase section */
		44E1305F27A9392A00D9BDC5 /* Frameworks */ = {
			isa = PBXFrameworksBuildPhase;
			buildActionMask = 2147483647;
			files = (
			);
			runOnlyForDeploymentPostprocessing = 0;
		};
/* End PBXFrameworksBuildPhase section */

/* Begin PBXGroup section */
		44E1305927A9392A00D9BDC5 = {
			isa = PBXGroup;
			children = (
				44E1306427A9392A00D9BDC5 /* BountyList */,
				44E1306327A9392A00D9BDC5 /* Products */,
			);
			sourceTree = "<group>";
		};
		44E1306327A9392A00D9BDC5 /* Products */ = {
			isa = PBXGroup;
			children = (
				44E1306227A9392A00D9BDC5 /* BountyList.app */,
			);
			name = Products;
			sourceTree = "<group>";
		};
		44E1306427A9392A00D9BDC5 /* BountyList */ = {
			isa = PBXGroup;
			children = (
				44E1306527A9392A00D9BDC5 /* AppDelegate.swift */,
				44E1306727A9392A00D9BDC5 /* SceneDelegate.swift */,
				44E1307927A939CB00D9BDC5 /* BountyViewController.swift */,
				4487533227AC09E300984F5F /* BountyInfo.swift */,
				44E1307B27A946CF00D9BDC5 /* DetailViewController.swift */,
				44E1306B27A9392A00D9BDC5 /* Main.storyboard */,
				44E1306E27A9392C00D9BDC5 /* Assets.xcassets */,
				44E1307027A9392C00D9BDC5 /* LaunchScreen.storyboard */,
				44E1307327A9392C00D9BDC5 /* Info.plist */,
			);
			path = BountyList;
			sourceTree = "<group>";
		};
/* End PBXGroup section */

/* Begin PBXNativeTarget section */
		44E1306127A9392A00D9BDC5 /* BountyList */ = {
			isa = PBXNativeTarget;
			buildConfigurationList = 44E1307627A9392C00D9BDC5 /* Build configuration list for PBXNativeTarget "BountyList" */;
			buildPhases = (
				44E1305E27A9392A00D9BDC5 /* Sources */,
				44E1305F27A9392A00D9BDC5 /* Frameworks */,
				44E1306027A9392A00D9BDC5 /* Resources */,
			);
			buildRules = (
			);
			dependencies = (
			);
			name = BountyList;
			productName = BountyList;
			productReference = 44E1306227A9392A00D9BDC5 /* BountyList.app */;
			productType = "com.apple.product-type.application";
		};
/* End PBXNativeTarget section */

/* Begin PBXProject section */
		44E1305A27A9392A00D9BDC5 /* Project object */ = {
			isa = PBXProject;
			attributes = {
				BuildIndependentTargetsInParallel = 1;
				LastSwiftUpdateCheck = 1320;
				LastUpgradeCheck = 1320;
				TargetAttributes = {
					44E1306127A9392A00D9BDC5 = {
						CreatedOnToolsVersion = 13.2.1;
					};
				};
			};
			buildConfigurationList = 44E1305D27A9392A00D9BDC5 /* Build configuration list for PBXProject "BountyList" */;
			compatibilityVersion = "Xcode 13.0";
			developmentRegion = en;
			hasScannedForEncodings = 0;
			knownRegions = (
				en,
				Base,
			);
			mainGroup = 44E1305927A9392A00D9BDC5;
			productRefGroup = 44E1306327A9392A00D9BDC5 /* Products */;
			projectDirPath = "";
			projectRoot = "";
			targets = (
				44E1306127A9392A00D9BDC5 /* BountyList */,
			);
		};
/* End PBXProject section */

/* Begin PBXResourcesBuildPhase section */
		44E1306027A9392A00D9BDC5 /* Resources */ = {
			isa = PBXResourcesBuildPhase;
			buildActionMask = 2147483647;
			files = (
				44E1307227A9392C00D9BDC5 /* LaunchScreen.storyboard in Resources */,
				44E1306F27A9392C00D9BDC5 /* Assets.xcassets in Resources */,
				44E1306D27A9392A00D9BDC5 /* Main.storyboard in Resources */,
			);
			runOnlyForDeploymentPostprocessing = 0;
		};
/* End PBXResourcesBuildPhase section */

/* Begin PBXSourcesBuildPhase section */
		44E1305E27A9392A00D9BDC5 /* Sources */ = {
			isa = PBXSourcesBuildPhase;
			buildActionMask = 2147483647;
			files = (
				4487533327AC09E300984F5F /* BountyInfo.swift in Sources */,
				44E1306627A9392A00D9BDC5 /* AppDelegate.swift in Sources */,
				44E1307A27A939CB00D9BDC5 /* BountyViewController.swift in Sources */,
				44E1306827A9392A00D9BDC5 /* SceneDelegate.swift in Sources */,
				44E1307C27A946CF00D9BDC5 /* DetailViewController.swift in Sources */,
			);
			runOnlyForDeploymentPostprocessing = 0;
		};
/* End PBXSourcesBuildPhase section */

/* Begin PBXVariantGroup section */
		44E1306B27A9392A00D9BDC5 /* Main.storyboard */ = {
			isa = PBXVariantGroup;
			children = (
				44E1306C27A9392A00D9BDC5 /* Base */,
			);
			name = Main.storyboard;
			sourceTree = "<group>";
		};
		44E1307027A9392C00D9BDC5 /* LaunchScreen.storyboard */ = {
			isa = PBXVariantGroup;
			children = (
				44E1307127A9392C00D9BDC5 /* Base */,
			);
			name = LaunchScreen.storyboard;
			sourceTree = "<group>";
		};
/* End PBXVariantGroup section */

/* Begin XCBuildConfiguration section */
		44E1307427A9392C00D9BDC5 /* Debug */ = {
			isa = XCBuildConfiguration;
			buildSettings = {
				ALWAYS_SEARCH_USER_PATHS = NO;
				CLANG_ANALYZER_NONNULL = YES;
				CLANG_ANALYZER_NUMBER_OBJECT_CONVERSION = YES_AGGRESSIVE;
				CLANG_CXX_LANGUAGE_STANDARD = "gnu++17";
				CLANG_CXX_LIBRARY = "libc++";
				CLANG_ENABLE_MODULES = YES;
				CLANG_ENABLE_OBJC_ARC = YES;
				CLANG_ENABLE_OBJC_WEAK = YES;
				CLANG_WARN_BLOCK_CAPTURE_AUTORELEASING = YES;
				CLANG_WARN_BOOL_CONVERSION = YES;
				CLANG_WARN_COMMA = YES;
				CLANG_WARN_CONSTANT_CONVERSION = YES;
				CLANG_WARN_DEPRECATED_OBJC_IMPLEMENTATIONS = YES;
				CLANG_WARN_DIRECT_OBJC_ISA_USAGE = YES_ERROR;
				CLANG_WARN_DOCUMENTATION_COMMENTS = YES;
				CLANG_WARN_EMPTY_BODY = YES;
				CLANG_WARN_ENUM_CONVERSION = YES;
				CLANG_WARN_INFINITE_RECURSION = YES;
				CLANG_WARN_INT_CONVERSION = YES;
				CLANG_WARN_NON_LITERAL_NULL_CONVERSION = YES;
				CLANG_WARN_OBJC_IMPLICIT_RETAIN_SELF = YES;
				CLANG_WARN_OBJC_LITERAL_CONVERSION = YES;
				CLANG_WARN_OBJC_ROOT_CLASS = YES_ERROR;
				CLANG_WARN_QUOTED_INCLUDE_IN_FRAMEWORK_HEADER = YES;
				CLANG_WARN_RANGE_LOOP_ANALYSIS = YES;
				CLANG_WARN_STRICT_PROTOTYPES = YES;
				CLANG_WARN_SUSPICIOUS_MOVE = YES;
				CLANG_WARN_UNGUARDED_AVAILABILITY = YES_AGGRESSIVE;
				CLANG_WARN_UNREACHABLE_CODE = YES;
				CLANG_WARN__DUPLICATE_METHOD_MATCH = YES;
				COPY_PHASE_STRIP = NO;
				DEBUG_INFORMATION_FORMAT = dwarf;
				ENABLE_STRICT_OBJC_MSGSEND = YES;
				ENABLE_TESTABILITY = YES;
				GCC_C_LANGUAGE_STANDARD = gnu11;
				GCC_DYNAMIC_NO_PIC = NO;
				GCC_NO_COMMON_BLOCKS = YES;
				GCC_OPTIMIZATION_LEVEL = 0;
				GCC_PREPROCESSOR_DEFINITIONS = (
					"DEBUG=1",
					"$(inherited)",
				);
				GCC_WARN_64_TO_32_BIT_CONVERSION = YES;
				GCC_WARN_ABOUT_RETURN_TYPE = YES_ERROR;
				GCC_WARN_UNDECLARED_SELECTOR = YES;
				GCC_WARN_UNINITIALIZED_AUTOS = YES_AGGRESSIVE;
				GCC_WARN_UNUSED_FUNCTION = YES;
				GCC_WARN_UNUSED_VARIABLE = YES;
				IPHONEOS_DEPLOYMENT_TARGET = 15.2;
				MTL_ENABLE_DEBUG_INFO = INCLUDE_SOURCE;
				MTL_FAST_MATH = YES;
				ONLY_ACTIVE_ARCH = YES;
				SDKROOT = iphoneos;
				SWIFT_ACTIVE_COMPILATION_CONDITIONS = DEBUG;
				SWIFT_OPTIMIZATION_LEVEL = "-Onone";
			};
			name = Debug;
		};
		44E1307527A9392C00D9BDC5 /* Release */ = {
			isa = XCBuildConfiguration;
			buildSettings = {
				ALWAYS_SEARCH_USER_PATHS = NO;
				CLANG_ANALYZER_NONNULL = YES;
				CLANG_ANALYZER_NUMBER_OBJECT_CONVERSION = YES_AGGRESSIVE;
				CLANG_CXX_LANGUAGE_STANDARD = "gnu++17";
				CLANG_CXX_LIBRARY = "libc++";
				CLANG_ENABLE_MODULES = YES;
				CLANG_ENABLE_OBJC_ARC = YES;
				CLANG_ENABLE_OBJC_WEAK = YES;
				CLANG_WARN_BLOCK_CAPTURE_AUTORELEASING = YES;
				CLANG_WARN_BOOL_CONVERSION = YES;
				CLANG_WARN_COMMA = YES;
				CLANG_WARN_CONSTANT_CONVERSION = YES;
				CLANG_WARN_DEPRECATED_OBJC_IMPLEMENTATIONS = YES;
				CLANG_WARN_DIRECT_OBJC_ISA_USAGE = YES_ERROR;
				CLANG_WARN_DOCUMENTATION_COMMENTS = YES;
				CLANG_WARN_EMPTY_BODY = YES;
				CLANG_WARN_ENUM_CONVERSION = YES;
				CLANG_WARN_INFINITE_RECURSION = YES;
				CLANG_WARN_INT_CONVERSION = YES;
				CLANG_WARN_NON_LITERAL_NULL_CONVERSION = YES;
				CLANG_WARN_OBJC_IMPLICIT_RETAIN_SELF = YES;
				CLANG_WARN_OBJC_LITERAL_CONVERSION = YES;
				CLANG_WARN_OBJC_ROOT_CLASS = YES_ERROR;
				CLANG_WARN_QUOTED_INCLUDE_IN_FRAMEWORK_HEADER = YES;
				CLANG_WARN_RANGE_LOOP_ANALYSIS = YES;
				CLANG_WARN_STRICT_PROTOTYPES = YES;
				CLANG_WARN_SUSPICIOUS_MOVE = YES;
				CLANG_WARN_UNGUARDED_AVAILABILITY = YES_AGGRESSIVE;
				CLANG_WARN_UNREACHABLE_CODE = YES;
				CLANG_WARN__DUPLICATE_METHOD_MATCH = YES;
				COPY_PHASE_STRIP = NO;
				DEBUG_INFORMATION_FORMAT = "dwarf-with-dsym";
				ENABLE_NS_ASSERTIONS = NO;
				ENABLE_STRICT_OBJC_MSGSEND = YES;
				GCC_C_LANGUAGE_STANDARD = gnu11;
				GCC_NO_COMMON_BLOCKS = YES;
				GCC_WARN_64_TO_32_BIT_CONVERSION = YES;
				GCC_WARN_ABOUT_RETURN_TYPE = YES_ERROR;
				GCC_WARN_UNDECLARED_SELECTOR = YES;
				GCC_WARN_UNINITIALIZED_AUTOS = YES_AGGRESSIVE;
				GCC_WARN_UNUSED_FUNCTION = YES;
				GCC_WARN_UNUSED_VARIABLE = YES;
				IPHONEOS_DEPLOYMENT_TARGET = 15.2;
				MTL_ENABLE_DEBUG_INFO = NO;
				MTL_FAST_MATH = YES;
				SDKROOT = iphoneos;
				SWIFT_COMPILATION_MODE = wholemodule;
				SWIFT_OPTIMIZATION_LEVEL = "-O";
				VALIDATE_PRODUCT = YES;
			};
			name = Release;
		};
		44E1307727A9392C00D9BDC5 /* Debug */ = {
			isa = XCBuildConfiguration;
			buildSettings = {
				ASSETCATALOG_COMPILER_APPICON_NAME = AppIcon;
				ASSETCATALOG_COMPILER_GLOBAL_ACCENT_COLOR_NAME = AccentColor;
				CODE_SIGN_STYLE = Automatic;
				CURRENT_PROJECT_VERSION = 1;
				DEVELOPMENT_TEAM = 7T3WDLSBA5;
				GENERATE_INFOPLIST_FILE = YES;
				INFOPLIST_FILE = BountyList/Info.plist;
				INFOPLIST_KEY_UIApplicationSupportsIndirectInputEvents = YES;
				INFOPLIST_KEY_UILaunchStoryboardName = LaunchScreen;
				INFOPLIST_KEY_UIMainStoryboardFile = Main;
				INFOPLIST_KEY_UISupportedInterfaceOrientations_iPad = "UIInterfaceOrientationPortrait UIInterfaceOrientationPortraitUpsideDown UIInterfaceOrientationLandscapeLeft UIInterfaceOrientationLandscapeRight";
				INFOPLIST_KEY_UISupportedInterfaceOrientations_iPhone = "UIInterfaceOrientationPortrait UIInterfaceOrientationLandscapeLeft UIInterfaceOrientationLandscapeRight";
				IPHONEOS_DEPLOYMENT_TARGET = 15.0;
				LD_RUNPATH_SEARCH_PATHS = (
					"$(inherited)",
					"@executable_path/Frameworks",
				);
				MARKETING_VERSION = 1.0;
				PRODUCT_BUNDLE_IDENTIFIER = com.taehyeongkim.BountyList;
				PRODUCT_NAME = "$(TARGET_NAME)";
				SWIFT_EMIT_LOC_STRINGS = YES;
				SWIFT_VERSION = 5.0;
				TARGETED_DEVICE_FAMILY = "1,2";
			};
			name = Debug;
		};
		44E1307827A9392C00D9BDC5 /* Release */ = {
			isa = XCBuildConfiguration;
			buildSettings = {
				ASSETCATALOG_COMPILER_APPICON_NAME = AppIcon;
				ASSETCATALOG_COMPILER_GLOBAL_ACCENT_COLOR_NAME = AccentColor;
				CODE_SIGN_STYLE = Automatic;
				CURRENT_PROJECT_VERSION = 1;
				DEVELOPMENT_TEAM = 7T3WDLSBA5;
				GENERATE_INFOPLIST_FILE = YES;
				INFOPLIST_FILE = BountyList/Info.plist;
				INFOPLIST_KEY_UIApplicationSupportsIndirectInputEvents = YES;
				INFOPLIST_KEY_UILaunchStoryboardName = LaunchScreen;
				INFOPLIST_KEY_UIMainStoryboardFile = Main;
				INFOPLIST_KEY_UISupportedInterfaceOrientations_iPad = "UIInterfaceOrientationPortrait UIInterfaceOrientationPortraitUpsideDown UIInterfaceOrientationLandscapeLeft UIInterfaceOrientationLandscapeRight";
				INFOPLIST_KEY_UISupportedInterfaceOrientations_iPhone = "UIInterfaceOrientationPortrait UIInterfaceOrientationLandscapeLeft UIInterfaceOrientationLandscapeRight";
				IPHONEOS_DEPLOYMENT_TARGET = 15.0;
				LD_RUNPATH_SEARCH_PATHS = (
					"$(inherited)",
					"@executable_path/Frameworks",
				);
				MARKETING_VERSION = 1.0;
				PRODUCT_BUNDLE_IDENTIFIER = com.taehyeongkim.BountyList;
				PRODUCT_NAME = "$(TARGET_NAME)";
				SWIFT_EMIT_LOC_STRINGS = YES;
				SWIFT_VERSION = 5.0;
				TARGETED_DEVICE_FAMILY = "1,2";
			};
			name = Release;
		};
/* End XCBuildConfiguration section */

/* Begin XCConfigurationList section */
		44E1305D27A9392A00D9BDC5 /* Build configuration list for PBXProject "BountyList" */ = {
			isa = XCConfigurationList;
			buildConfigurations = (
				44E1307427A9392C00D9BDC5 /* Debug */,
				44E1307527A9392C00D9BDC5 /* Release */,
			);
			defaultConfigurationIsVisible = 0;
			defaultConfigurationName = Release;
		};
		44E1307627A9392C00D9BDC5 /* Build configuration list for PBXNativeTarget "BountyList" */ = {
			isa = XCConfigurationList;
			buildConfigurations = (
				44E1307727A9392C00D9BDC5 /* Debug */,
				44E1307827A9392C00D9BDC5 /* Release */,
			);
			defaultConfigurationIsVisible = 0;
			defaultConfigurationName = Release;
		};
/* End XCConfigurationList section */
	};
	rootObject = 44E1305A27A9392A00D9BDC5 /* Project object */;
}
