// !$*UTF8*$!
{
	archiveVersion = 1;
	classes = {
	};
	objectVersion = 55;
	objects = {

/* Begin PBXBuildFile section */
		447A0E44272ED74800B0006A /* AppDelegate.m in Sources */ = {isa = PBXBuildFile; fileRef = 447A0E43272ED74800B0006A /* AppDelegate.m */; };
		447A0E47272ED74800B0006A /* SceneDelegate.m in Sources */ = {isa = PBXBuildFile; fileRef = 447A0E46272ED74800B0006A /* SceneDelegate.m */; };
		447A0E4A272ED74800B0006A /* ViewController.m in Sources */ = {isa = PBXBuildFile; fileRef = 447A0E49272ED74800B0006A /* ViewController.m */; };
		447A0E4D272ED74800B0006A /* Main.storyboard in Resources */ = {isa = PBXBuildFile; fileRef = 447A0E4B272ED74800B0006A /* Main.storyboard */; };
		447A0E4F272ED74900B0006A /* Assets.xcassets in Resources */ = {isa = PBXBuildFile; fileRef = 447A0E4E272ED74900B0006A /* Assets.xcassets */; };
		447A0E52272ED74900B0006A /* LaunchScreen.storyboard in Resources */ = {isa = PBXBuildFile; fileRef = 447A0E50272ED74900B0006A /* LaunchScreen.storyboard */; };
		447A0E55272ED74900B0006A /* main.m in Sources */ = {isa = PBXBuildFile; fileRef = 447A0E54272ED74900B0006A /* main.m */; };
		447A0E5F272ED74900B0006A /* LifeCycleTests.m in Sources */ = {isa = PBXBuildFile; fileRef = 447A0E5E272ED74900B0006A /* LifeCycleTests.m */; };
		447A0E69272ED74A00B0006A /* LifeCycleUITests.m in Sources */ = {isa = PBXBuildFile; fileRef = 447A0E68272ED74A00B0006A /* LifeCycleUITests.m */; };
		447A0E6B272ED74A00B0006A /* LifeCycleUITestsLaunchTests.m in Sources */ = {isa = PBXBuildFile; fileRef = 447A0E6A272ED74A00B0006A /* LifeCycleUITestsLaunchTests.m */; };
/* End PBXBuildFile section */

/* Begin PBXContainerItemProxy section */
		447A0E5B272ED74900B0006A /* PBXContainerItemProxy */ = {
			isa = PBXContainerItemProxy;
			containerPortal = 447A0E37272ED74800B0006A /* Project object */;
			proxyType = 1;
			remoteGlobalIDString = 447A0E3E272ED74800B0006A;
			remoteInfo = LifeCycle;
		};
		447A0E65272ED74A00B0006A /* PBXContainerItemProxy */ = {
			isa = PBXContainerItemProxy;
			containerPortal = 447A0E37272ED74800B0006A /* Project object */;
			proxyType = 1;
			remoteGlobalIDString = 447A0E3E272ED74800B0006A;
			remoteInfo = LifeCycle;
		};
/* End PBXContainerItemProxy section */

/* Begin PBXFileReference section */
		447A0E3F272ED74800B0006A /* LifeCycle.app */ = {isa = PBXFileReference; explicitFileType = wrapper.application; includeInIndex = 0; path = LifeCycle.app; sourceTree = BUILT_PRODUCTS_DIR; };
		447A0E42272ED74800B0006A /* AppDelegate.h */ = {isa = PBXFileReference; lastKnownFileType = sourcecode.c.h; path = AppDelegate.h; sourceTree = "<group>"; };
		447A0E43272ED74800B0006A /* AppDelegate.m */ = {isa = PBXFileReference; lastKnownFileType = sourcecode.c.objc; path = AppDelegate.m; sourceTree = "<group>"; };
		447A0E45272ED74800B0006A /* SceneDelegate.h */ = {isa = PBXFileReference; lastKnownFileType = sourcecode.c.h; path = SceneDelegate.h; sourceTree = "<group>"; };
		447A0E46272ED74800B0006A /* SceneDelegate.m */ = {isa = PBXFileReference; lastKnownFileType = sourcecode.c.objc; path = SceneDelegate.m; sourceTree = "<group>"; };
		447A0E48272ED74800B0006A /* ViewController.h */ = {isa = PBXFileReference; lastKnownFileType = sourcecode.c.h; path = ViewController.h; sourceTree = "<group>"; };
		447A0E49272ED74800B0006A /* ViewController.m */ = {isa = PBXFileReference; lastKnownFileType = sourcecode.c.objc; path = ViewController.m; sourceTree = "<group>"; };
		447A0E4C272ED74800B0006A /* Base */ = {isa = PBXFileReference; lastKnownFileType = file.storyboard; name = Base; path = Base.lproj/Main.storyboard; sourceTree = "<group>"; };
		447A0E4E272ED74900B0006A /* Assets.xcassets */ = {isa = PBXFileReference; lastKnownFileType = folder.assetcatalog; path = Assets.xcassets; sourceTree = "<group>"; };
		447A0E51272ED74900B0006A /* Base */ = {isa = PBXFileReference; lastKnownFileType = file.storyboard; name = Base; path = Base.lproj/LaunchScreen.storyboard; sourceTree = "<group>"; };
		447A0E53272ED74900B0006A /* Info.plist */ = {isa = PBXFileReference; lastKnownFileType = text.plist.xml; path = Info.plist; sourceTree = "<group>"; };
		447A0E54272ED74900B0006A /* main.m */ = {isa = PBXFileReference; lastKnownFileType = sourcecode.c.objc; path = main.m; sourceTree = "<group>"; };
		447A0E5A272ED74900B0006A /* LifeCycleTests.xctest */ = {isa = PBXFileReference; explicitFileType = wrapper.cfbundle; includeInIndex = 0; path = LifeCycleTests.xctest; sourceTree = BUILT_PRODUCTS_DIR; };
		447A0E5E272ED74900B0006A /* LifeCycleTests.m */ = {isa = PBXFileReference; lastKnownFileType = sourcecode.c.objc; path = LifeCycleTests.m; sourceTree = "<group>"; };
		447A0E64272ED74A00B0006A /* LifeCycleUITests.xctest */ = {isa = PBXFileReference; explicitFileType = wrapper.cfbundle; includeInIndex = 0; path = LifeCycleUITests.xctest; sourceTree = BUILT_PRODUCTS_DIR; };
		447A0E68272ED74A00B0006A /* LifeCycleUITests.m */ = {isa = PBXFileReference; lastKnownFileType = sourcecode.c.objc; path = LifeCycleUITests.m; sourceTree = "<group>"; };
		447A0E6A272ED74A00B0006A /* LifeCycleUITestsLaunchTests.m */ = {isa = PBXFileReference; lastKnownFileType = sourcecode.c.objc; path = LifeCycleUITestsLaunchTests.m; sourceTree = "<group>"; };
/* End PBXFileReference section */

/* Begin PBXFrameworksBuildPhase section */
		447A0E3C272ED74800B0006A /* Frameworks */ = {
			isa = PBXFrameworksBuildPhase;
			buildActionMask = 2147483647;
			files = (
			);
			runOnlyForDeploymentPostprocessing = 0;
		};
		447A0E57272ED74900B0006A /* Frameworks */ = {
			isa = PBXFrameworksBuildPhase;
			buildActionMask = 2147483647;
			files = (
			);
			runOnlyForDeploymentPostprocessing = 0;
		};
		447A0E61272ED74A00B0006A /* Frameworks */ = {
			isa = PBXFrameworksBuildPhase;
			buildActionMask = 2147483647;
			files = (
			);
			runOnlyForDeploymentPostprocessing = 0;
		};
/* End PBXFrameworksBuildPhase section */

/* Begin PBXGroup section */
		447A0E36272ED74800B0006A = {
			isa = PBXGroup;
			children = (
				447A0E41272ED74800B0006A /* LifeCycle */,
				447A0E5D272ED74900B0006A /* LifeCycleTests */,
				447A0E67272ED74A00B0006A /* LifeCycleUITests */,
				447A0E40272ED74800B0006A /* Products */,
			);
			sourceTree = "<group>";
		};
		447A0E40272ED74800B0006A /* Products */ = {
			isa = PBXGroup;
			children = (
				447A0E3F272ED74800B0006A /* LifeCycle.app */,
				447A0E5A272ED74900B0006A /* LifeCycleTests.xctest */,
				447A0E64272ED74A00B0006A /* LifeCycleUITests.xctest */,
			);
			name = Products;
			sourceTree = "<group>";
		};
		447A0E41272ED74800B0006A /* LifeCycle */ = {
			isa = PBXGroup;
			children = (
				447A0E42272ED74800B0006A /* AppDelegate.h */,
				447A0E43272ED74800B0006A /* AppDelegate.m */,
				447A0E45272ED74800B0006A /* SceneDelegate.h */,
				447A0E46272ED74800B0006A /* SceneDelegate.m */,
				447A0E48272ED74800B0006A /* ViewController.h */,
				447A0E49272ED74800B0006A /* ViewController.m */,
				447A0E4B272ED74800B0006A /* Main.storyboard */,
				447A0E4E272ED74900B0006A /* Assets.xcassets */,
				447A0E50272ED74900B0006A /* LaunchScreen.storyboard */,
				447A0E53272ED74900B0006A /* Info.plist */,
				447A0E54272ED74900B0006A /* main.m */,
			);
			path = LifeCycle;
			sourceTree = "<group>";
		};
		447A0E5D272ED74900B0006A /* LifeCycleTests */ = {
			isa = PBXGroup;
			children = (
				447A0E5E272ED74900B0006A /* LifeCycleTests.m */,
			);
			path = LifeCycleTests;
			sourceTree = "<group>";
		};
		447A0E67272ED74A00B0006A /* LifeCycleUITests */ = {
			isa = PBXGroup;
			children = (
				447A0E68272ED74A00B0006A /* LifeCycleUITests.m */,
				447A0E6A272ED74A00B0006A /* LifeCycleUITestsLaunchTests.m */,
			);
			path = LifeCycleUITests;
			sourceTree = "<group>";
		};
/* End PBXGroup section */

/* Begin PBXNativeTarget section */
		447A0E3E272ED74800B0006A /* LifeCycle */ = {
			isa = PBXNativeTarget;
			buildConfigurationList = 447A0E6E272ED74A00B0006A /* Build configuration list for PBXNativeTarget "LifeCycle" */;
			buildPhases = (
				447A0E3B272ED74800B0006A /* Sources */,
				447A0E3C272ED74800B0006A /* Frameworks */,
				447A0E3D272ED74800B0006A /* Resources */,
			);
			buildRules = (
			);
			dependencies = (
			);
			name = LifeCycle;
			productName = LifeCycle;
			productReference = 447A0E3F272ED74800B0006A /* LifeCycle.app */;
			productType = "com.apple.product-type.application";
		};
		447A0E59272ED74900B0006A /* LifeCycleTests */ = {
			isa = PBXNativeTarget;
			buildConfigurationList = 447A0E71272ED74A00B0006A /* Build configuration list for PBXNativeTarget "LifeCycleTests" */;
			buildPhases = (
				447A0E56272ED74900B0006A /* Sources */,
				447A0E57272ED74900B0006A /* Frameworks */,
				447A0E58272ED74900B0006A /* Resources */,
			);
			buildRules = (
			);
			dependencies = (
				447A0E5C272ED74900B0006A /* PBXTargetDependency */,
			);
			name = LifeCycleTests;
			productName = LifeCycleTests;
			productReference = 447A0E5A272ED74900B0006A /* LifeCycleTests.xctest */;
			productType = "com.apple.product-type.bundle.unit-test";
		};
		447A0E63272ED74A00B0006A /* LifeCycleUITests */ = {
			isa = PBXNativeTarget;
			buildConfigurationList = 447A0E74272ED74A00B0006A /* Build configuration list for PBXNativeTarget "LifeCycleUITests" */;
			buildPhases = (
				447A0E60272ED74A00B0006A /* Sources */,
				447A0E61272ED74A00B0006A /* Frameworks */,
				447A0E62272ED74A00B0006A /* Resources */,
			);
			buildRules = (
			);
			dependencies = (
				447A0E66272ED74A00B0006A /* PBXTargetDependency */,
			);
			name = LifeCycleUITests;
			productName = LifeCycleUITests;
			productReference = 447A0E64272ED74A00B0006A /* LifeCycleUITests.xctest */;
			productType = "com.apple.product-type.bundle.ui-testing";
		};
/* End PBXNativeTarget section */

/* Begin PBXProject section */
		447A0E37272ED74800B0006A /* Project object */ = {
			isa = PBXProject;
			attributes = {
				BuildIndependentTargetsInParallel = 1;
				LastUpgradeCheck = 1310;
				TargetAttributes = {
					447A0E3E272ED74800B0006A = {
						CreatedOnToolsVersion = 13.1;
					};
					447A0E59272ED74900B0006A = {
						CreatedOnToolsVersion = 13.1;
						TestTargetID = 447A0E3E272ED74800B0006A;
					};
					447A0E63272ED74A00B0006A = {
						CreatedOnToolsVersion = 13.1;
						TestTargetID = 447A0E3E272ED74800B0006A;
					};
				};
			};
			buildConfigurationList = 447A0E3A272ED74800B0006A /* Build configuration list for PBXProject "LifeCycle" */;
			compatibilityVersion = "Xcode 13.0";
			developmentRegion = en;
			hasScannedForEncodings = 0;
			knownRegions = (
				en,
				Base,
			);
			mainGroup = 447A0E36272ED74800B0006A;
			productRefGroup = 447A0E40272ED74800B0006A /* Products */;
			projectDirPath = "";
			projectRoot = "";
			targets = (
				447A0E3E272ED74800B0006A /* LifeCycle */,
				447A0E59272ED74900B0006A /* LifeCycleTests */,
				447A0E63272ED74A00B0006A /* LifeCycleUITests */,
			);
		};
/* End PBXProject section */

/* Begin PBXResourcesBuildPhase section */
		447A0E3D272ED74800B0006A /* Resources */ = {
			isa = PBXResourcesBuildPhase;
			buildActionMask = 2147483647;
			files = (
				447A0E52272ED74900B0006A /* LaunchScreen.storyboard in Resources */,
				447A0E4F272ED74900B0006A /* Assets.xcassets in Resources */,
				447A0E4D272ED74800B0006A /* Main.storyboard in Resources */,
			);
			runOnlyForDeploymentPostprocessing = 0;
		};
		447A0E58272ED74900B0006A /* Resources */ = {
			isa = PBXResourcesBuildPhase;
			buildActionMask = 2147483647;
			files = (
			);
			runOnlyForDeploymentPostprocessing = 0;
		};
		447A0E62272ED74A00B0006A /* Resources */ = {
			isa = PBXResourcesBuildPhase;
			buildActionMask = 2147483647;
			files = (
			);
			runOnlyForDeploymentPostprocessing = 0;
		};
/* End PBXResourcesBuildPhase section */

/* Begin PBXSourcesBuildPhase section */
		447A0E3B272ED74800B0006A /* Sources */ = {
			isa = PBXSourcesBuildPhase;
			buildActionMask = 2147483647;
			files = (
				447A0E4A272ED74800B0006A /* ViewController.m in Sources */,
				447A0E44272ED74800B0006A /* AppDelegate.m in Sources */,
				447A0E55272ED74900B0006A /* main.m in Sources */,
				447A0E47272ED74800B0006A /* SceneDelegate.m in Sources */,
			);
			runOnlyForDeploymentPostprocessing = 0;
		};
		447A0E56272ED74900B0006A /* Sources */ = {
			isa = PBXSourcesBuildPhase;
			buildActionMask = 2147483647;
			files = (
				447A0E5F272ED74900B0006A /* LifeCycleTests.m in Sources */,
			);
			runOnlyForDeploymentPostprocessing = 0;
		};
		447A0E60272ED74A00B0006A /* Sources */ = {
			isa = PBXSourcesBuildPhase;
			buildActionMask = 2147483647;
			files = (
				447A0E69272ED74A00B0006A /* LifeCycleUITests.m in Sources */,
				447A0E6B272ED74A00B0006A /* LifeCycleUITestsLaunchTests.m in Sources */,
			);
			runOnlyForDeploymentPostprocessing = 0;
		};
/* End PBXSourcesBuildPhase section */

/* Begin PBXTargetDependency section */
		447A0E5C272ED74900B0006A /* PBXTargetDependency */ = {
			isa = PBXTargetDependency;
			target = 447A0E3E272ED74800B0006A /* LifeCycle */;
			targetProxy = 447A0E5B272ED74900B0006A /* PBXContainerItemProxy */;
		};
		447A0E66272ED74A00B0006A /* PBXTargetDependency */ = {
			isa = PBXTargetDependency;
			target = 447A0E3E272ED74800B0006A /* LifeCycle */;
			targetProxy = 447A0E65272ED74A00B0006A /* PBXContainerItemProxy */;
		};
/* End PBXTargetDependency section */

/* Begin PBXVariantGroup section */
		447A0E4B272ED74800B0006A /* Main.storyboard */ = {
			isa = PBXVariantGroup;
			children = (
				447A0E4C272ED74800B0006A /* Base */,
			);
			name = Main.storyboard;
			sourceTree = "<group>";
		};
		447A0E50272ED74900B0006A /* LaunchScreen.storyboard */ = {
			isa = PBXVariantGroup;
			children = (
				447A0E51272ED74900B0006A /* Base */,
			);
			name = LaunchScreen.storyboard;
			sourceTree = "<group>";
		};
/* End PBXVariantGroup section */

/* Begin XCBuildConfiguration section */
		447A0E6C272ED74A00B0006A /* Debug */ = {
			isa = XCBuildConfiguration;
			buildSettings = {
				ALWAYS_SEARCH_USER_PATHS = NO;
				CLANG_ANALYZER_NONNULL = YES;
				CLANG_ANALYZER_NUMBER_OBJECT_CONVERSION = YES_AGGRESSIVE;
				CLANG_CXX_LANGUAGE_STANDARD = "gnu++17";
				CLANG_CXX_LIBRARY = "libc++";
				CLANG_ENABLE_MODULES = YES;
				CLANG_ENABLE_OBJC_ARC = YES;
				CLANG_ENABLE_OBJC_WEAK = YES;
				CLANG_WARN_BLOCK_CAPTURE_AUTORELEASING = YES;
				CLANG_WARN_BOOL_CONVERSION = YES;
				CLANG_WARN_COMMA = YES;
				CLANG_WARN_CONSTANT_CONVERSION = YES;
				CLANG_WARN_DEPRECATED_OBJC_IMPLEMENTATIONS = YES;
				CLANG_WARN_DIRECT_OBJC_ISA_USAGE = YES_ERROR;
				CLANG_WARN_DOCUMENTATION_COMMENTS = YES;
				CLANG_WARN_EMPTY_BODY = YES;
				CLANG_WARN_ENUM_CONVERSION = YES;
				CLANG_WARN_INFINITE_RECURSION = YES;
				CLANG_WARN_INT_CONVERSION = YES;
				CLANG_WARN_NON_LITERAL_NULL_CONVERSION = YES;
				CLANG_WARN_OBJC_IMPLICIT_RETAIN_SELF = YES;
				CLANG_WARN_OBJC_LITERAL_CONVERSION = YES;
				CLANG_WARN_OBJC_ROOT_CLASS = YES_ERROR;
				CLANG_WARN_QUOTED_INCLUDE_IN_FRAMEWORK_HEADER = YES;
				CLANG_WARN_RANGE_LOOP_ANALYSIS = YES;
				CLANG_WARN_STRICT_PROTOTYPES = YES;
				CLANG_WARN_SUSPICIOUS_MOVE = YES;
				CLANG_WARN_UNGUARDED_AVAILABILITY = YES_AGGRESSIVE;
				CLANG_WARN_UNREACHABLE_CODE = YES;
				CLANG_WARN__DUPLICATE_METHOD_MATCH = YES;
				COPY_PHASE_STRIP = NO;
				DEBUG_INFORMATION_FORMAT = dwarf;
				ENABLE_STRICT_OBJC_MSGSEND = YES;
				ENABLE_TESTABILITY = YES;
				GCC_C_LANGUAGE_STANDARD = gnu11;
				GCC_DYNAMIC_NO_PIC = NO;
				GCC_NO_COMMON_BLOCKS = YES;
				GCC_OPTIMIZATION_LEVEL = 0;
				GCC_PREPROCESSOR_DEFINITIONS = (
					"DEBUG=1",
					"$(inherited)",
				);
				GCC_WARN_64_TO_32_BIT_CONVERSION = YES;
				GCC_WARN_ABOUT_RETURN_TYPE = YES_ERROR;
				GCC_WARN_UNDECLARED_SELECTOR = YES;
				GCC_WARN_UNINITIALIZED_AUTOS = YES_AGGRESSIVE;
				GCC_WARN_UNUSED_FUNCTION = YES;
				GCC_WARN_UNUSED_VARIABLE = YES;
				IPHONEOS_DEPLOYMENT_TARGET = 15.0;
				MTL_ENABLE_DEBUG_INFO = INCLUDE_SOURCE;
				MTL_FAST_MATH = YES;
				ONLY_ACTIVE_ARCH = YES;
				SDKROOT = iphoneos;
			};
			name = Debug;
		};
		447A0E6D272ED74A00B0006A /* Release */ = {
			isa = XCBuildConfiguration;
			buildSettings = {
				ALWAYS_SEARCH_USER_PATHS = NO;
				CLANG_ANALYZER_NONNULL = YES;
				CLANG_ANALYZER_NUMBER_OBJECT_CONVERSION = YES_AGGRESSIVE;
				CLANG_CXX_LANGUAGE_STANDARD = "gnu++17";
				CLANG_CXX_LIBRARY = "libc++";
				CLANG_ENABLE_MODULES = YES;
				CLANG_ENABLE_OBJC_ARC = YES;
				CLANG_ENABLE_OBJC_WEAK = YES;
				CLANG_WARN_BLOCK_CAPTURE_AUTORELEASING = YES;
				CLANG_WARN_BOOL_CONVERSION = YES;
				CLANG_WARN_COMMA = YES;
				CLANG_WARN_CONSTANT_CONVERSION = YES;
				CLANG_WARN_DEPRECATED_OBJC_IMPLEMENTATIONS = YES;
				CLANG_WARN_DIRECT_OBJC_ISA_USAGE = YES_ERROR;
				CLANG_WARN_DOCUMENTATION_COMMENTS = YES;
				CLANG_WARN_EMPTY_BODY = YES;
				CLANG_WARN_ENUM_CONVERSION = YES;
				CLANG_WARN_INFINITE_RECURSION = YES;
				CLANG_WARN_INT_CONVERSION = YES;
				CLANG_WARN_NON_LITERAL_NULL_CONVERSION = YES;
				CLANG_WARN_OBJC_IMPLICIT_RETAIN_SELF = YES;
				CLANG_WARN_OBJC_LITERAL_CONVERSION = YES;
				CLANG_WARN_OBJC_ROOT_CLASS = YES_ERROR;
				CLANG_WARN_QUOTED_INCLUDE_IN_FRAMEWORK_HEADER = YES;
				CLANG_WARN_RANGE_LOOP_ANALYSIS = YES;
				CLANG_WARN_STRICT_PROTOTYPES = YES;
				CLANG_WARN_SUSPICIOUS_MOVE = YES;
				CLANG_WARN_UNGUARDED_AVAILABILITY = YES_AGGRESSIVE;
				CLANG_WARN_UNREACHABLE_CODE = YES;
				CLANG_WARN__DUPLICATE_METHOD_MATCH = YES;
				COPY_PHASE_STRIP = NO;
				DEBUG_INFORMATION_FORMAT = "dwarf-with-dsym";
				ENABLE_NS_ASSERTIONS = NO;
				ENABLE_STRICT_OBJC_MSGSEND = YES;
				GCC_C_LANGUAGE_STANDARD = gnu11;
				GCC_NO_COMMON_BLOCKS = YES;
				GCC_WARN_64_TO_32_BIT_CONVERSION = YES;
				GCC_WARN_ABOUT_RETURN_TYPE = YES_ERROR;
				GCC_WARN_UNDECLARED_SELECTOR = YES;
				GCC_WARN_UNINITIALIZED_AUTOS = YES_AGGRESSIVE;
				GCC_WARN_UNUSED_FUNCTION = YES;
				GCC_WARN_UNUSED_VARIABLE = YES;
				IPHONEOS_DEPLOYMENT_TARGET = 15.0;
				MTL_ENABLE_DEBUG_INFO = NO;
				MTL_FAST_MATH = YES;
				SDKROOT = iphoneos;
				VALIDATE_PRODUCT = YES;
			};
			name = Release;
		};
		447A0E6F272ED74A00B0006A /* Debug */ = {
			isa = XCBuildConfiguration;
			buildSettings = {
				ASSETCATALOG_COMPILER_APPICON_NAME = AppIcon;
				ASSETCATALOG_COMPILER_GLOBAL_ACCENT_COLOR_NAME = AccentColor;
				CODE_SIGN_STYLE = Automatic;
				CURRENT_PROJECT_VERSION = 1;
				GENERATE_INFOPLIST_FILE = YES;
				INFOPLIST_FILE = LifeCycle/Info.plist;
				INFOPLIST_KEY_UIApplicationSupportsIndirectInputEvents = YES;
				INFOPLIST_KEY_UILaunchStoryboardName = LaunchScreen;
				INFOPLIST_KEY_UIMainStoryboardFile = Main;
				INFOPLIST_KEY_UISupportedInterfaceOrientations_iPad = "UIInterfaceOrientationPortrait UIInterfaceOrientationPortraitUpsideDown UIInterfaceOrientationLandscapeLeft UIInterfaceOrientationLandscapeRight";
				INFOPLIST_KEY_UISupportedInterfaceOrientations_iPhone = "UIInterfaceOrientationPortrait UIInterfaceOrientationLandscapeLeft UIInterfaceOrientationLandscapeRight";
				LD_RUNPATH_SEARCH_PATHS = (
					"$(inherited)",
					"@executable_path/Frameworks",
				);
				MARKETING_VERSION = 1.0;
				PRODUCT_BUNDLE_IDENTIFIER = kimtaehyeong.LifeCycle;
				PRODUCT_NAME = "$(TARGET_NAME)";
				SWIFT_EMIT_LOC_STRINGS = YES;
				TARGETED_DEVICE_FAMILY = "1,2";
			};
			name = Debug;
		};
		447A0E70272ED74A00B0006A /* Release */ = {
			isa = XCBuildConfiguration;
			buildSettings = {
				ASSETCATALOG_COMPILER_APPICON_NAME = AppIcon;
				ASSETCATALOG_COMPILER_GLOBAL_ACCENT_COLOR_NAME = AccentColor;
				CODE_SIGN_STYLE = Automatic;
				CURRENT_PROJECT_VERSION = 1;
				GENERATE_INFOPLIST_FILE = YES;
				INFOPLIST_FILE = LifeCycle/Info.plist;
				INFOPLIST_KEY_UIApplicationSupportsIndirectInputEvents = YES;
				INFOPLIST_KEY_UILaunchStoryboardName = LaunchScreen;
				INFOPLIST_KEY_UIMainStoryboardFile = Main;
				INFOPLIST_KEY_UISupportedInterfaceOrientations_iPad = "UIInterfaceOrientationPortrait UIInterfaceOrientationPortraitUpsideDown UIInterfaceOrientationLandscapeLeft UIInterfaceOrientationLandscapeRight";
				INFOPLIST_KEY_UISupportedInterfaceOrientations_iPhone = "UIInterfaceOrientationPortrait UIInterfaceOrientationLandscapeLeft UIInterfaceOrientationLandscapeRight";
				LD_RUNPATH_SEARCH_PATHS = (
					"$(inherited)",
					"@executable_path/Frameworks",
				);
				MARKETING_VERSION = 1.0;
				PRODUCT_BUNDLE_IDENTIFIER = kimtaehyeong.LifeCycle;
				PRODUCT_NAME = "$(TARGET_NAME)";
				SWIFT_EMIT_LOC_STRINGS = YES;
				TARGETED_DEVICE_FAMILY = "1,2";
			};
			name = Release;
		};
		447A0E72272ED74A00B0006A /* Debug */ = {
			isa = XCBuildConfiguration;
			buildSettings = {
				BUNDLE_LOADER = "$(TEST_HOST)";
				CODE_SIGN_STYLE = Automatic;
				CURRENT_PROJECT_VERSION = 1;
				GENERATE_INFOPLIST_FILE = YES;
				IPHONEOS_DEPLOYMENT_TARGET = 15.0;
				LD_RUNPATH_SEARCH_PATHS = (
					"$(inherited)",
					"@executable_path/Frameworks",
					"@loader_path/Frameworks",
				);
				MARKETING_VERSION = 1.0;
				PRODUCT_BUNDLE_IDENTIFIER = kimtaehyeong.LifeCycleTests;
				PRODUCT_NAME = "$(TARGET_NAME)";
				SWIFT_EMIT_LOC_STRINGS = NO;
				TARGETED_DEVICE_FAMILY = "1,2";
				TEST_HOST = "$(BUILT_PRODUCTS_DIR)/LifeCycle.app/LifeCycle";
			};
			name = Debug;
		};
		447A0E73272ED74A00B0006A /* Release */ = {
			isa = XCBuildConfiguration;
			buildSettings = {
				BUNDLE_LOADER = "$(TEST_HOST)";
				CODE_SIGN_STYLE = Automatic;
				CURRENT_PROJECT_VERSION = 1;
				GENERATE_INFOPLIST_FILE = YES;
				IPHONEOS_DEPLOYMENT_TARGET = 15.0;
				LD_RUNPATH_SEARCH_PATHS = (
					"$(inherited)",
					"@executable_path/Frameworks",
					"@loader_path/Frameworks",
				);
				MARKETING_VERSION = 1.0;
				PRODUCT_BUNDLE_IDENTIFIER = kimtaehyeong.LifeCycleTests;
				PRODUCT_NAME = "$(TARGET_NAME)";
				SWIFT_EMIT_LOC_STRINGS = NO;
				TARGETED_DEVICE_FAMILY = "1,2";
				TEST_HOST = "$(BUILT_PRODUCTS_DIR)/LifeCycle.app/LifeCycle";
			};
			name = Release;
		};
		447A0E75272ED74A00B0006A /* Debug */ = {
			isa = XCBuildConfiguration;
			buildSettings = {
				CODE_SIGN_STYLE = Automatic;
				CURRENT_PROJECT_VERSION = 1;
				GENERATE_INFOPLIST_FILE = YES;
				LD_RUNPATH_SEARCH_PATHS = (
					"$(inherited)",
					"@executable_path/Frameworks",
					"@loader_path/Frameworks",
				);
				MARKETING_VERSION = 1.0;
				PRODUCT_BUNDLE_IDENTIFIER = kimtaehyeong.LifeCycleUITests;
				PRODUCT_NAME = "$(TARGET_NAME)";
				SWIFT_EMIT_LOC_STRINGS = NO;
				TARGETED_DEVICE_FAMILY = "1,2";
				TEST_TARGET_NAME = LifeCycle;
			};
			name = Debug;
		};
		447A0E76272ED74A00B0006A /* Release */ = {
			isa = XCBuildConfiguration;
			buildSettings = {
				CODE_SIGN_STYLE = Automatic;
				CURRENT_PROJECT_VERSION = 1;
				GENERATE_INFOPLIST_FILE = YES;
				LD_RUNPATH_SEARCH_PATHS = (
					"$(inherited)",
					"@executable_path/Frameworks",
					"@loader_path/Frameworks",
				);
				MARKETING_VERSION = 1.0;
				PRODUCT_BUNDLE_IDENTIFIER = kimtaehyeong.LifeCycleUITests;
				PRODUCT_NAME = "$(TARGET_NAME)";
				SWIFT_EMIT_LOC_STRINGS = NO;
				TARGETED_DEVICE_FAMILY = "1,2";
				TEST_TARGET_NAME = LifeCycle;
			};
			name = Release;
		};
/* End XCBuildConfiguration section */

/* Begin XCConfigurationList section */
		447A0E3A272ED74800B0006A /* Build configuration list for PBXProject "LifeCycle" */ = {
			isa = XCConfigurationList;
			buildConfigurations = (
				447A0E6C272ED74A00B0006A /* Debug */,
				447A0E6D272ED74A00B0006A /* Release */,
			);
			defaultConfigurationIsVisible = 0;
			defaultConfigurationName = Release;
		};
		447A0E6E272ED74A00B0006A /* Build configuration list for PBXNativeTarget "LifeCycle" */ = {
			isa = XCConfigurationList;
			buildConfigurations = (
				447A0E6F272ED74A00B0006A /* Debug */,
				447A0E70272ED74A00B0006A /* Release */,
			);
			defaultConfigurationIsVisible = 0;
			defaultConfigurationName = Release;
		};
		447A0E71272ED74A00B0006A /* Build configuration list for PBXNativeTarget "LifeCycleTests" */ = {
			isa = XCConfigurationList;
			buildConfigurations = (
				447A0E72272ED74A00B0006A /* Debug */,
				447A0E73272ED74A00B0006A /* Release */,
			);
			defaultConfigurationIsVisible = 0;
			defaultConfigurationName = Release;
		};
		447A0E74272ED74A00B0006A /* Build configuration list for PBXNativeTarget "LifeCycleUITests" */ = {
			isa = XCConfigurationList;
			buildConfigurations = (
				447A0E75272ED74A00B0006A /* Debug */,
				447A0E76272ED74A00B0006A /* Release */,
			);
			defaultConfigurationIsVisible = 0;
			defaultConfigurationName = Release;
		};
/* End XCConfigurationList section */
	};
	rootObject = 447A0E37272ED74800B0006A /* Project object */;
}
