// !$*UTF8*$!
{
	archiveVersion = 1;
	classes = {
	};
	objectVersion = 55;
	objects = {

/* Begin PBXBuildFile section */
		4487BAC6272BBDC900BBF9B5 /* AppDelegate.swift in Sources */ = {isa = PBXBuildFile; fileRef = 4487BAC5272BBDC900BBF9B5 /* AppDelegate.swift */; };
		4487BAC8272BBDC900BBF9B5 /* SceneDelegate.swift in Sources */ = {isa = PBXBuildFile; fileRef = 4487BAC7272BBDC900BBF9B5 /* SceneDelegate.swift */; };
		4487BACA272BBDC900BBF9B5 /* ViewController.swift in Sources */ = {isa = PBXBuildFile; fileRef = 4487BAC9272BBDC900BBF9B5 /* ViewController.swift */; };
		4487BACD272BBDC900BBF9B5 /* Main.storyboard in Resources */ = {isa = PBXBuildFile; fileRef = 4487BACB272BBDC900BBF9B5 /* Main.storyboard */; };
		4487BACF272BBDCA00BBF9B5 /* Assets.xcassets in Resources */ = {isa = PBXBuildFile; fileRef = 4487BACE272BBDCA00BBF9B5 /* Assets.xcassets */; };
		4487BAD2272BBDCA00BBF9B5 /* LaunchScreen.storyboard in Resources */ = {isa = PBXBuildFile; fileRef = 4487BAD0272BBDCA00BBF9B5 /* LaunchScreen.storyboard */; };
		4487BADD272BBDCB00BBF9B5 /* AutoLayoutTests.swift in Sources */ = {isa = PBXBuildFile; fileRef = 4487BADC272BBDCB00BBF9B5 /* AutoLayoutTests.swift */; };
		4487BAE7272BBDCB00BBF9B5 /* AutoLayoutUITests.swift in Sources */ = {isa = PBXBuildFile; fileRef = 4487BAE6272BBDCB00BBF9B5 /* AutoLayoutUITests.swift */; };
		4487BAE9272BBDCB00BBF9B5 /* AutoLayoutUITestsLaunchTests.swift in Sources */ = {isa = PBXBuildFile; fileRef = 4487BAE8272BBDCB00BBF9B5 /* AutoLayoutUITestsLaunchTests.swift */; };
/* End PBXBuildFile section */

/* Begin PBXContainerItemProxy section */
		4487BAD9272BBDCB00BBF9B5 /* PBXContainerItemProxy */ = {
			isa = PBXContainerItemProxy;
			containerPortal = 4487BABA272BBDC900BBF9B5 /* Project object */;
			proxyType = 1;
			remoteGlobalIDString = 4487BAC1272BBDC900BBF9B5;
			remoteInfo = AutoLayout;
		};
		4487BAE3272BBDCB00BBF9B5 /* PBXContainerItemProxy */ = {
			isa = PBXContainerItemProxy;
			containerPortal = 4487BABA272BBDC900BBF9B5 /* Project object */;
			proxyType = 1;
			remoteGlobalIDString = 4487BAC1272BBDC900BBF9B5;
			remoteInfo = AutoLayout;
		};
/* End PBXContainerItemProxy section */

/* Begin PBXFileReference section */
		4487BAC2272BBDC900BBF9B5 /* AutoLayout.app */ = {isa = PBXFileReference; explicitFileType = wrapper.application; includeInIndex = 0; path = AutoLayout.app; sourceTree = BUILT_PRODUCTS_DIR; };
		4487BAC5272BBDC900BBF9B5 /* AppDelegate.swift */ = {isa = PBXFileReference; lastKnownFileType = sourcecode.swift; path = AppDelegate.swift; sourceTree = "<group>"; };
		4487BAC7272BBDC900BBF9B5 /* SceneDelegate.swift */ = {isa = PBXFileReference; lastKnownFileType = sourcecode.swift; path = SceneDelegate.swift; sourceTree = "<group>"; };
		4487BAC9272BBDC900BBF9B5 /* ViewController.swift */ = {isa = PBXFileReference; lastKnownFileType = sourcecode.swift; path = ViewController.swift; sourceTree = "<group>"; };
		4487BACC272BBDC900BBF9B5 /* Base */ = {isa = PBXFileReference; lastKnownFileType = file.storyboard; name = Base; path = Base.lproj/Main.storyboard; sourceTree = "<group>"; };
		4487BACE272BBDCA00BBF9B5 /* Assets.xcassets */ = {isa = PBXFileReference; lastKnownFileType = folder.assetcatalog; path = Assets.xcassets; sourceTree = "<group>"; };
		4487BAD1272BBDCA00BBF9B5 /* Base */ = {isa = PBXFileReference; lastKnownFileType = file.storyboard; name = Base; path = Base.lproj/LaunchScreen.storyboard; sourceTree = "<group>"; };
		4487BAD3272BBDCA00BBF9B5 /* Info.plist */ = {isa = PBXFileReference; lastKnownFileType = text.plist.xml; path = Info.plist; sourceTree = "<group>"; };
		4487BAD8272BBDCB00BBF9B5 /* AutoLayoutTests.xctest */ = {isa = PBXFileReference; explicitFileType = wrapper.cfbundle; includeInIndex = 0; path = AutoLayoutTests.xctest; sourceTree = BUILT_PRODUCTS_DIR; };
		4487BADC272BBDCB00BBF9B5 /* AutoLayoutTests.swift */ = {isa = PBXFileReference; lastKnownFileType = sourcecode.swift; path = AutoLayoutTests.swift; sourceTree = "<group>"; };
		4487BAE2272BBDCB00BBF9B5 /* AutoLayoutUITests.xctest */ = {isa = PBXFileReference; explicitFileType = wrapper.cfbundle; includeInIndex = 0; path = AutoLayoutUITests.xctest; sourceTree = BUILT_PRODUCTS_DIR; };
		4487BAE6272BBDCB00BBF9B5 /* AutoLayoutUITests.swift */ = {isa = PBXFileReference; lastKnownFileType = sourcecode.swift; path = AutoLayoutUITests.swift; sourceTree = "<group>"; };
		4487BAE8272BBDCB00BBF9B5 /* AutoLayoutUITestsLaunchTests.swift */ = {isa = PBXFileReference; lastKnownFileType = sourcecode.swift; path = AutoLayoutUITestsLaunchTests.swift; sourceTree = "<group>"; };
/* End PBXFileReference section */

/* Begin PBXFrameworksBuildPhase section */
		4487BABF272BBDC900BBF9B5 /* Frameworks */ = {
			isa = PBXFrameworksBuildPhase;
			buildActionMask = 2147483647;
			files = (
			);
			runOnlyForDeploymentPostprocessing = 0;
		};
		4487BAD5272BBDCB00BBF9B5 /* Frameworks */ = {
			isa = PBXFrameworksBuildPhase;
			buildActionMask = 2147483647;
			files = (
			);
			runOnlyForDeploymentPostprocessing = 0;
		};
		4487BADF272BBDCB00BBF9B5 /* Frameworks */ = {
			isa = PBXFrameworksBuildPhase;
			buildActionMask = 2147483647;
			files = (
			);
			runOnlyForDeploymentPostprocessing = 0;
		};
/* End PBXFrameworksBuildPhase section */

/* Begin PBXGroup section */
		4487BAB9272BBDC900BBF9B5 = {
			isa = PBXGroup;
			children = (
				4487BAC4272BBDC900BBF9B5 /* AutoLayout */,
				4487BADB272BBDCB00BBF9B5 /* AutoLayoutTests */,
				4487BAE5272BBDCB00BBF9B5 /* AutoLayoutUITests */,
				4487BAC3272BBDC900BBF9B5 /* Products */,
			);
			sourceTree = "<group>";
		};
		4487BAC3272BBDC900BBF9B5 /* Products */ = {
			isa = PBXGroup;
			children = (
				4487BAC2272BBDC900BBF9B5 /* AutoLayout.app */,
				4487BAD8272BBDCB00BBF9B5 /* AutoLayoutTests.xctest */,
				4487BAE2272BBDCB00BBF9B5 /* AutoLayoutUITests.xctest */,
			);
			name = Products;
			sourceTree = "<group>";
		};
		4487BAC4272BBDC900BBF9B5 /* AutoLayout */ = {
			isa = PBXGroup;
			children = (
				4487BAC5272BBDC900BBF9B5 /* AppDelegate.swift */,
				4487BAC7272BBDC900BBF9B5 /* SceneDelegate.swift */,
				4487BAC9272BBDC900BBF9B5 /* ViewController.swift */,
				4487BACB272BBDC900BBF9B5 /* Main.storyboard */,
				4487BACE272BBDCA00BBF9B5 /* Assets.xcassets */,
				4487BAD0272BBDCA00BBF9B5 /* LaunchScreen.storyboard */,
				4487BAD3272BBDCA00BBF9B5 /* Info.plist */,
			);
			path = AutoLayout;
			sourceTree = "<group>";
		};
		4487BADB272BBDCB00BBF9B5 /* AutoLayoutTests */ = {
			isa = PBXGroup;
			children = (
				4487BADC272BBDCB00BBF9B5 /* AutoLayoutTests.swift */,
			);
			path = AutoLayoutTests;
			sourceTree = "<group>";
		};
		4487BAE5272BBDCB00BBF9B5 /* AutoLayoutUITests */ = {
			isa = PBXGroup;
			children = (
				4487BAE6272BBDCB00BBF9B5 /* AutoLayoutUITests.swift */,
				4487BAE8272BBDCB00BBF9B5 /* AutoLayoutUITestsLaunchTests.swift */,
			);
			path = AutoLayoutUITests;
			sourceTree = "<group>";
		};
/* End PBXGroup section */

/* Begin PBXNativeTarget section */
		4487BAC1272BBDC900BBF9B5 /* AutoLayout */ = {
			isa = PBXNativeTarget;
			buildConfigurationList = 4487BAEC272BBDCB00BBF9B5 /* Build configuration list for PBXNativeTarget "AutoLayout" */;
			buildPhases = (
				4487BABE272BBDC900BBF9B5 /* Sources */,
				4487BABF272BBDC900BBF9B5 /* Frameworks */,
				4487BAC0272BBDC900BBF9B5 /* Resources */,
			);
			buildRules = (
			);
			dependencies = (
			);
			name = AutoLayout;
			productName = AutoLayout;
			productReference = 4487BAC2272BBDC900BBF9B5 /* AutoLayout.app */;
			productType = "com.apple.product-type.application";
		};
		4487BAD7272BBDCB00BBF9B5 /* AutoLayoutTests */ = {
			isa = PBXNativeTarget;
			buildConfigurationList = 4487BAEF272BBDCB00BBF9B5 /* Build configuration list for PBXNativeTarget "AutoLayoutTests" */;
			buildPhases = (
				4487BAD4272BBDCB00BBF9B5 /* Sources */,
				4487BAD5272BBDCB00BBF9B5 /* Frameworks */,
				4487BAD6272BBDCB00BBF9B5 /* Resources */,
			);
			buildRules = (
			);
			dependencies = (
				4487BADA272BBDCB00BBF9B5 /* PBXTargetDependency */,
			);
			name = AutoLayoutTests;
			productName = AutoLayoutTests;
			productReference = 4487BAD8272BBDCB00BBF9B5 /* AutoLayoutTests.xctest */;
			productType = "com.apple.product-type.bundle.unit-test";
		};
		4487BAE1272BBDCB00BBF9B5 /* AutoLayoutUITests */ = {
			isa = PBXNativeTarget;
			buildConfigurationList = 4487BAF2272BBDCB00BBF9B5 /* Build configuration list for PBXNativeTarget "AutoLayoutUITests" */;
			buildPhases = (
				4487BADE272BBDCB00BBF9B5 /* Sources */,
				4487BADF272BBDCB00BBF9B5 /* Frameworks */,
				4487BAE0272BBDCB00BBF9B5 /* Resources */,
			);
			buildRules = (
			);
			dependencies = (
				4487BAE4272BBDCB00BBF9B5 /* PBXTargetDependency */,
			);
			name = AutoLayoutUITests;
			productName = AutoLayoutUITests;
			productReference = 4487BAE2272BBDCB00BBF9B5 /* AutoLayoutUITests.xctest */;
			productType = "com.apple.product-type.bundle.ui-testing";
		};
/* End PBXNativeTarget section */

/* Begin PBXProject section */
		4487BABA272BBDC900BBF9B5 /* Project object */ = {
			isa = PBXProject;
			attributes = {
				BuildIndependentTargetsInParallel = 1;
				LastSwiftUpdateCheck = 1310;
				LastUpgradeCheck = 1310;
				TargetAttributes = {
					4487BAC1272BBDC900BBF9B5 = {
						CreatedOnToolsVersion = 13.1;
					};
					4487BAD7272BBDCB00BBF9B5 = {
						CreatedOnToolsVersion = 13.1;
						TestTargetID = 4487BAC1272BBDC900BBF9B5;
					};
					4487BAE1272BBDCB00BBF9B5 = {
						CreatedOnToolsVersion = 13.1;
						TestTargetID = 4487BAC1272BBDC900BBF9B5;
					};
				};
			};
			buildConfigurationList = 4487BABD272BBDC900BBF9B5 /* Build configuration list for PBXProject "AutoLayout" */;
			compatibilityVersion = "Xcode 13.0";
			developmentRegion = en;
			hasScannedForEncodings = 0;
			knownRegions = (
				en,
				Base,
			);
			mainGroup = 4487BAB9272BBDC900BBF9B5;
			productRefGroup = 4487BAC3272BBDC900BBF9B5 /* Products */;
			projectDirPath = "";
			projectRoot = "";
			targets = (
				4487BAC1272BBDC900BBF9B5 /* AutoLayout */,
				4487BAD7272BBDCB00BBF9B5 /* AutoLayoutTests */,
				4487BAE1272BBDCB00BBF9B5 /* AutoLayoutUITests */,
			);
		};
/* End PBXProject section */

/* Begin PBXResourcesBuildPhase section */
		4487BAC0272BBDC900BBF9B5 /* Resources */ = {
			isa = PBXResourcesBuildPhase;
			buildActionMask = 2147483647;
			files = (
				4487BAD2272BBDCA00BBF9B5 /* LaunchScreen.storyboard in Resources */,
				4487BACF272BBDCA00BBF9B5 /* Assets.xcassets in Resources */,
				4487BACD272BBDC900BBF9B5 /* Main.storyboard in Resources */,
			);
			runOnlyForDeploymentPostprocessing = 0;
		};
		4487BAD6272BBDCB00BBF9B5 /* Resources */ = {
			isa = PBXResourcesBuildPhase;
			buildActionMask = 2147483647;
			files = (
			);
			runOnlyForDeploymentPostprocessing = 0;
		};
		4487BAE0272BBDCB00BBF9B5 /* Resources */ = {
			isa = PBXResourcesBuildPhase;
			buildActionMask = 2147483647;
			files = (
			);
			runOnlyForDeploymentPostprocessing = 0;
		};
/* End PBXResourcesBuildPhase section */

/* Begin PBXSourcesBuildPhase section */
		4487BABE272BBDC900BBF9B5 /* Sources */ = {
			isa = PBXSourcesBuildPhase;
			buildActionMask = 2147483647;
			files = (
				4487BACA272BBDC900BBF9B5 /* ViewController.swift in Sources */,
				4487BAC6272BBDC900BBF9B5 /* AppDelegate.swift in Sources */,
				4487BAC8272BBDC900BBF9B5 /* SceneDelegate.swift in Sources */,
			);
			runOnlyForDeploymentPostprocessing = 0;
		};
		4487BAD4272BBDCB00BBF9B5 /* Sources */ = {
			isa = PBXSourcesBuildPhase;
			buildActionMask = 2147483647;
			files = (
				4487BADD272BBDCB00BBF9B5 /* AutoLayoutTests.swift in Sources */,
			);
			runOnlyForDeploymentPostprocessing = 0;
		};
		4487BADE272BBDCB00BBF9B5 /* Sources */ = {
			isa = PBXSourcesBuildPhase;
			buildActionMask = 2147483647;
			files = (
				4487BAE7272BBDCB00BBF9B5 /* AutoLayoutUITests.swift in Sources */,
				4487BAE9272BBDCB00BBF9B5 /* AutoLayoutUITestsLaunchTests.swift in Sources */,
			);
			runOnlyForDeploymentPostprocessing = 0;
		};
/* End PBXSourcesBuildPhase section */

/* Begin PBXTargetDependency section */
		4487BADA272BBDCB00BBF9B5 /* PBXTargetDependency */ = {
			isa = PBXTargetDependency;
			target = 4487BAC1272BBDC900BBF9B5 /* AutoLayout */;
			targetProxy = 4487BAD9272BBDCB00BBF9B5 /* PBXContainerItemProxy */;
		};
		4487BAE4272BBDCB00BBF9B5 /* PBXTargetDependency */ = {
			isa = PBXTargetDependency;
			target = 4487BAC1272BBDC900BBF9B5 /* AutoLayout */;
			targetProxy = 4487BAE3272BBDCB00BBF9B5 /* PBXContainerItemProxy */;
		};
/* End PBXTargetDependency section */

/* Begin PBXVariantGroup section */
		4487BACB272BBDC900BBF9B5 /* Main.storyboard */ = {
			isa = PBXVariantGroup;
			children = (
				4487BACC272BBDC900BBF9B5 /* Base */,
			);
			name = Main.storyboard;
			sourceTree = "<group>";
		};
		4487BAD0272BBDCA00BBF9B5 /* LaunchScreen.storyboard */ = {
			isa = PBXVariantGroup;
			children = (
				4487BAD1272BBDCA00BBF9B5 /* Base */,
			);
			name = LaunchScreen.storyboard;
			sourceTree = "<group>";
		};
/* End PBXVariantGroup section */

/* Begin XCBuildConfiguration section */
		4487BAEA272BBDCB00BBF9B5 /* Debug */ = {
			isa = XCBuildConfiguration;
			buildSettings = {
				ALWAYS_SEARCH_USER_PATHS = NO;
				CLANG_ANALYZER_NONNULL = YES;
				CLANG_ANALYZER_NUMBER_OBJECT_CONVERSION = YES_AGGRESSIVE;
				CLANG_CXX_LANGUAGE_STANDARD = "gnu++17";
				CLANG_CXX_LIBRARY = "libc++";
				CLANG_ENABLE_MODULES = YES;
				CLANG_ENABLE_OBJC_ARC = YES;
				CLANG_ENABLE_OBJC_WEAK = YES;
				CLANG_WARN_BLOCK_CAPTURE_AUTORELEASING = YES;
				CLANG_WARN_BOOL_CONVERSION = YES;
				CLANG_WARN_COMMA = YES;
				CLANG_WARN_CONSTANT_CONVERSION = YES;
				CLANG_WARN_DEPRECATED_OBJC_IMPLEMENTATIONS = YES;
				CLANG_WARN_DIRECT_OBJC_ISA_USAGE = YES_ERROR;
				CLANG_WARN_DOCUMENTATION_COMMENTS = YES;
				CLANG_WARN_EMPTY_BODY = YES;
				CLANG_WARN_ENUM_CONVERSION = YES;
				CLANG_WARN_INFINITE_RECURSION = YES;
				CLANG_WARN_INT_CONVERSION = YES;
				CLANG_WARN_NON_LITERAL_NULL_CONVERSION = YES;
				CLANG_WARN_OBJC_IMPLICIT_RETAIN_SELF = YES;
				CLANG_WARN_OBJC_LITERAL_CONVERSION = YES;
				CLANG_WARN_OBJC_ROOT_CLASS = YES_ERROR;
				CLANG_WARN_QUOTED_INCLUDE_IN_FRAMEWORK_HEADER = YES;
				CLANG_WARN_RANGE_LOOP_ANALYSIS = YES;
				CLANG_WARN_STRICT_PROTOTYPES = YES;
				CLANG_WARN_SUSPICIOUS_MOVE = YES;
				CLANG_WARN_UNGUARDED_AVAILABILITY = YES_AGGRESSIVE;
				CLANG_WARN_UNREACHABLE_CODE = YES;
				CLANG_WARN__DUPLICATE_METHOD_MATCH = YES;
				COPY_PHASE_STRIP = NO;
				DEBUG_INFORMATION_FORMAT = dwarf;
				ENABLE_STRICT_OBJC_MSGSEND = YES;
				ENABLE_TESTABILITY = YES;
				GCC_C_LANGUAGE_STANDARD = gnu11;
				GCC_DYNAMIC_NO_PIC = NO;
				GCC_NO_COMMON_BLOCKS = YES;
				GCC_OPTIMIZATION_LEVEL = 0;
				GCC_PREPROCESSOR_DEFINITIONS = (
					"DEBUG=1",
					"$(inherited)",
				);
				GCC_WARN_64_TO_32_BIT_CONVERSION = YES;
				GCC_WARN_ABOUT_RETURN_TYPE = YES_ERROR;
				GCC_WARN_UNDECLARED_SELECTOR = YES;
				GCC_WARN_UNINITIALIZED_AUTOS = YES_AGGRESSIVE;
				GCC_WARN_UNUSED_FUNCTION = YES;
				GCC_WARN_UNUSED_VARIABLE = YES;
				IPHONEOS_DEPLOYMENT_TARGET = 15.0;
				MTL_ENABLE_DEBUG_INFO = INCLUDE_SOURCE;
				MTL_FAST_MATH = YES;
				ONLY_ACTIVE_ARCH = YES;
				SDKROOT = iphoneos;
				SWIFT_ACTIVE_COMPILATION_CONDITIONS = DEBUG;
				SWIFT_OPTIMIZATION_LEVEL = "-Onone";
			};
			name = Debug;
		};
		4487BAEB272BBDCB00BBF9B5 /* Release */ = {
			isa = XCBuildConfiguration;
			buildSettings = {
				ALWAYS_SEARCH_USER_PATHS = NO;
				CLANG_ANALYZER_NONNULL = YES;
				CLANG_ANALYZER_NUMBER_OBJECT_CONVERSION = YES_AGGRESSIVE;
				CLANG_CXX_LANGUAGE_STANDARD = "gnu++17";
				CLANG_CXX_LIBRARY = "libc++";
				CLANG_ENABLE_MODULES = YES;
				CLANG_ENABLE_OBJC_ARC = YES;
				CLANG_ENABLE_OBJC_WEAK = YES;
				CLANG_WARN_BLOCK_CAPTURE_AUTORELEASING = YES;
				CLANG_WARN_BOOL_CONVERSION = YES;
				CLANG_WARN_COMMA = YES;
				CLANG_WARN_CONSTANT_CONVERSION = YES;
				CLANG_WARN_DEPRECATED_OBJC_IMPLEMENTATIONS = YES;
				CLANG_WARN_DIRECT_OBJC_ISA_USAGE = YES_ERROR;
				CLANG_WARN_DOCUMENTATION_COMMENTS = YES;
				CLANG_WARN_EMPTY_BODY = YES;
				CLANG_WARN_ENUM_CONVERSION = YES;
				CLANG_WARN_INFINITE_RECURSION = YES;
				CLANG_WARN_INT_CONVERSION = YES;
				CLANG_WARN_NON_LITERAL_NULL_CONVERSION = YES;
				CLANG_WARN_OBJC_IMPLICIT_RETAIN_SELF = YES;
				CLANG_WARN_OBJC_LITERAL_CONVERSION = YES;
				CLANG_WARN_OBJC_ROOT_CLASS = YES_ERROR;
				CLANG_WARN_QUOTED_INCLUDE_IN_FRAMEWORK_HEADER = YES;
				CLANG_WARN_RANGE_LOOP_ANALYSIS = YES;
				CLANG_WARN_STRICT_PROTOTYPES = YES;
				CLANG_WARN_SUSPICIOUS_MOVE = YES;
				CLANG_WARN_UNGUARDED_AVAILABILITY = YES_AGGRESSIVE;
				CLANG_WARN_UNREACHABLE_CODE = YES;
				CLANG_WARN__DUPLICATE_METHOD_MATCH = YES;
				COPY_PHASE_STRIP = NO;
				DEBUG_INFORMATION_FORMAT = "dwarf-with-dsym";
				ENABLE_NS_ASSERTIONS = NO;
				ENABLE_STRICT_OBJC_MSGSEND = YES;
				GCC_C_LANGUAGE_STANDARD = gnu11;
				GCC_NO_COMMON_BLOCKS = YES;
				GCC_WARN_64_TO_32_BIT_CONVERSION = YES;
				GCC_WARN_ABOUT_RETURN_TYPE = YES_ERROR;
				GCC_WARN_UNDECLARED_SELECTOR = YES;
				GCC_WARN_UNINITIALIZED_AUTOS = YES_AGGRESSIVE;
				GCC_WARN_UNUSED_FUNCTION = YES;
				GCC_WARN_UNUSED_VARIABLE = YES;
				IPHONEOS_DEPLOYMENT_TARGET = 15.0;
				MTL_ENABLE_DEBUG_INFO = NO;
				MTL_FAST_MATH = YES;
				SDKROOT = iphoneos;
				SWIFT_COMPILATION_MODE = wholemodule;
				SWIFT_OPTIMIZATION_LEVEL = "-O";
				VALIDATE_PRODUCT = YES;
			};
			name = Release;
		};
		4487BAED272BBDCB00BBF9B5 /* Debug */ = {
			isa = XCBuildConfiguration;
			buildSettings = {
				ASSETCATALOG_COMPILER_APPICON_NAME = AppIcon;
				ASSETCATALOG_COMPILER_GLOBAL_ACCENT_COLOR_NAME = AccentColor;
				CODE_SIGN_STYLE = Automatic;
				CURRENT_PROJECT_VERSION = 1;
				GENERATE_INFOPLIST_FILE = YES;
				INFOPLIST_FILE = AutoLayout/Info.plist;
				INFOPLIST_KEY_UIApplicationSupportsIndirectInputEvents = YES;
				INFOPLIST_KEY_UILaunchStoryboardName = LaunchScreen;
				INFOPLIST_KEY_UIMainStoryboardFile = Main;
				INFOPLIST_KEY_UISupportedInterfaceOrientations_iPad = "UIInterfaceOrientationPortrait UIInterfaceOrientationPortraitUpsideDown UIInterfaceOrientationLandscapeLeft UIInterfaceOrientationLandscapeRight";
				INFOPLIST_KEY_UISupportedInterfaceOrientations_iPhone = "UIInterfaceOrientationPortrait UIInterfaceOrientationLandscapeLeft UIInterfaceOrientationLandscapeRight";
				LD_RUNPATH_SEARCH_PATHS = (
					"$(inherited)",
					"@executable_path/Frameworks",
				);
				MARKETING_VERSION = 1.0;
				PRODUCT_BUNDLE_IDENTIFIER = kimtaehyeong.AutoLayout;
				PRODUCT_NAME = "$(TARGET_NAME)";
				SWIFT_EMIT_LOC_STRINGS = YES;
				SWIFT_VERSION = 5.0;
				TARGETED_DEVICE_FAMILY = "1,2";
			};
			name = Debug;
		};
		4487BAEE272BBDCB00BBF9B5 /* Release */ = {
			isa = XCBuildConfiguration;
			buildSettings = {
				ASSETCATALOG_COMPILER_APPICON_NAME = AppIcon;
				ASSETCATALOG_COMPILER_GLOBAL_ACCENT_COLOR_NAME = AccentColor;
				CODE_SIGN_STYLE = Automatic;
				CURRENT_PROJECT_VERSION = 1;
				GENERATE_INFOPLIST_FILE = YES;
				INFOPLIST_FILE = AutoLayout/Info.plist;
				INFOPLIST_KEY_UIApplicationSupportsIndirectInputEvents = YES;
				INFOPLIST_KEY_UILaunchStoryboardName = LaunchScreen;
				INFOPLIST_KEY_UIMainStoryboardFile = Main;
				INFOPLIST_KEY_UISupportedInterfaceOrientations_iPad = "UIInterfaceOrientationPortrait UIInterfaceOrientationPortraitUpsideDown UIInterfaceOrientationLandscapeLeft UIInterfaceOrientationLandscapeRight";
				INFOPLIST_KEY_UISupportedInterfaceOrientations_iPhone = "UIInterfaceOrientationPortrait UIInterfaceOrientationLandscapeLeft UIInterfaceOrientationLandscapeRight";
				LD_RUNPATH_SEARCH_PATHS = (
					"$(inherited)",
					"@executable_path/Frameworks",
				);
				MARKETING_VERSION = 1.0;
				PRODUCT_BUNDLE_IDENTIFIER = kimtaehyeong.AutoLayout;
				PRODUCT_NAME = "$(TARGET_NAME)";
				SWIFT_EMIT_LOC_STRINGS = YES;
				SWIFT_VERSION = 5.0;
				TARGETED_DEVICE_FAMILY = "1,2";
			};
			name = Release;
		};
		4487BAF0272BBDCB00BBF9B5 /* Debug */ = {
			isa = XCBuildConfiguration;
			buildSettings = {
				ALWAYS_EMBED_SWIFT_STANDARD_LIBRARIES = YES;
				BUNDLE_LOADER = "$(TEST_HOST)";
				CODE_SIGN_STYLE = Automatic;
				CURRENT_PROJECT_VERSION = 1;
				GENERATE_INFOPLIST_FILE = YES;
				IPHONEOS_DEPLOYMENT_TARGET = 15.0;
				LD_RUNPATH_SEARCH_PATHS = (
					"$(inherited)",
					"@executable_path/Frameworks",
					"@loader_path/Frameworks",
				);
				MARKETING_VERSION = 1.0;
				PRODUCT_BUNDLE_IDENTIFIER = kimtaehyeong.AutoLayoutTests;
				PRODUCT_NAME = "$(TARGET_NAME)";
				SWIFT_EMIT_LOC_STRINGS = NO;
				SWIFT_VERSION = 5.0;
				TARGETED_DEVICE_FAMILY = "1,2";
				TEST_HOST = "$(BUILT_PRODUCTS_DIR)/AutoLayout.app/AutoLayout";
			};
			name = Debug;
		};
		4487BAF1272BBDCB00BBF9B5 /* Release */ = {
			isa = XCBuildConfiguration;
			buildSettings = {
				ALWAYS_EMBED_SWIFT_STANDARD_LIBRARIES = YES;
				BUNDLE_LOADER = "$(TEST_HOST)";
				CODE_SIGN_STYLE = Automatic;
				CURRENT_PROJECT_VERSION = 1;
				GENERATE_INFOPLIST_FILE = YES;
				IPHONEOS_DEPLOYMENT_TARGET = 15.0;
				LD_RUNPATH_SEARCH_PATHS = (
					"$(inherited)",
					"@executable_path/Frameworks",
					"@loader_path/Frameworks",
				);
				MARKETING_VERSION = 1.0;
				PRODUCT_BUNDLE_IDENTIFIER = kimtaehyeong.AutoLayoutTests;
				PRODUCT_NAME = "$(TARGET_NAME)";
				SWIFT_EMIT_LOC_STRINGS = NO;
				SWIFT_VERSION = 5.0;
				TARGETED_DEVICE_FAMILY = "1,2";
				TEST_HOST = "$(BUILT_PRODUCTS_DIR)/AutoLayout.app/AutoLayout";
			};
			name = Release;
		};
		4487BAF3272BBDCB00BBF9B5 /* Debug */ = {
			isa = XCBuildConfiguration;
			buildSettings = {
				ALWAYS_EMBED_SWIFT_STANDARD_LIBRARIES = YES;
				CODE_SIGN_STYLE = Automatic;
				CURRENT_PROJECT_VERSION = 1;
				GENERATE_INFOPLIST_FILE = YES;
				LD_RUNPATH_SEARCH_PATHS = (
					"$(inherited)",
					"@executable_path/Frameworks",
					"@loader_path/Frameworks",
				);
				MARKETING_VERSION = 1.0;
				PRODUCT_BUNDLE_IDENTIFIER = kimtaehyeong.AutoLayoutUITests;
				PRODUCT_NAME = "$(TARGET_NAME)";
				SWIFT_EMIT_LOC_STRINGS = NO;
				SWIFT_VERSION = 5.0;
				TARGETED_DEVICE_FAMILY = "1,2";
				TEST_TARGET_NAME = AutoLayout;
			};
			name = Debug;
		};
		4487BAF4272BBDCB00BBF9B5 /* Release */ = {
			isa = XCBuildConfiguration;
			buildSettings = {
				ALWAYS_EMBED_SWIFT_STANDARD_LIBRARIES = YES;
				CODE_SIGN_STYLE = Automatic;
				CURRENT_PROJECT_VERSION = 1;
				GENERATE_INFOPLIST_FILE = YES;
				LD_RUNPATH_SEARCH_PATHS = (
					"$(inherited)",
					"@executable_path/Frameworks",
					"@loader_path/Frameworks",
				);
				MARKETING_VERSION = 1.0;
				PRODUCT_BUNDLE_IDENTIFIER = kimtaehyeong.AutoLayoutUITests;
				PRODUCT_NAME = "$(TARGET_NAME)";
				SWIFT_EMIT_LOC_STRINGS = NO;
				SWIFT_VERSION = 5.0;
				TARGETED_DEVICE_FAMILY = "1,2";
				TEST_TARGET_NAME = AutoLayout;
			};
			name = Release;
		};
/* End XCBuildConfiguration section */

/* Begin XCConfigurationList section */
		4487BABD272BBDC900BBF9B5 /* Build configuration list for PBXProject "AutoLayout" */ = {
			isa = XCConfigurationList;
			buildConfigurations = (
				4487BAEA272BBDCB00BBF9B5 /* Debug */,
				4487BAEB272BBDCB00BBF9B5 /* Release */,
			);
			defaultConfigurationIsVisible = 0;
			defaultConfigurationName = Release;
		};
		4487BAEC272BBDCB00BBF9B5 /* Build configuration list for PBXNativeTarget "AutoLayout" */ = {
			isa = XCConfigurationList;
			buildConfigurations = (
				4487BAED272BBDCB00BBF9B5 /* Debug */,
				4487BAEE272BBDCB00BBF9B5 /* Release */,
			);
			defaultConfigurationIsVisible = 0;
			defaultConfigurationName = Release;
		};
		4487BAEF272BBDCB00BBF9B5 /* Build configuration list for PBXNativeTarget "AutoLayoutTests" */ = {
			isa = XCConfigurationList;
			buildConfigurations = (
				4487BAF0272BBDCB00BBF9B5 /* Debug */,
				4487BAF1272BBDCB00BBF9B5 /* Release */,
			);
			defaultConfigurationIsVisible = 0;
			defaultConfigurationName = Release;
		};
		4487BAF2272BBDCB00BBF9B5 /* Build configuration list for PBXNativeTarget "AutoLayoutUITests" */ = {
			isa = XCConfigurationList;
			buildConfigurations = (
				4487BAF3272BBDCB00BBF9B5 /* Debug */,
				4487BAF4272BBDCB00BBF9B5 /* Release */,
			);
			defaultConfigurationIsVisible = 0;
			defaultConfigurationName = Release;
		};
/* End XCConfigurationList section */
	};
	rootObject = 4487BABA272BBDC900BBF9B5 /* Project object */;
}
